// !$*UTF8*$!
{
	archiveVersion = 1;
	classes = {
	};
	objectVersion = 46;
	objects = {

/* Begin PBXBuildFile section */
		7B18E01A1C5BF7A1005A2B8E /* AppDelegate.swift in Sources */ = {isa = PBXBuildFile; fileRef = 7B18E0191C5BF7A1005A2B8E /* AppDelegate.swift */; };
		7B18E01C1C5BF7A1005A2B8E /* Assets.xcassets in Resources */ = {isa = PBXBuildFile; fileRef = 7B18E01B1C5BF7A1005A2B8E /* Assets.xcassets */; };
		7B18E01F1C5BF7A1005A2B8E /* MainMenu.xib in Resources */ = {isa = PBXBuildFile; fileRef = 7B18E01D1C5BF7A1005A2B8E /* MainMenu.xib */; };
		7B18E02A1C5BF7A1005A2B8E /* QueueTests.swift in Sources */ = {isa = PBXBuildFile; fileRef = 7B18E0291C5BF7A1005A2B8E /* QueueTests.swift */; };
		7B18E0351C5BF7C2005A2B8E /* Queue.swift in Sources */ = {isa = PBXBuildFile; fileRef = 7B18E0341C5BF7C2005A2B8E /* Queue.swift */; };
/* End PBXBuildFile section */

/* Begin PBXContainerItemProxy section */
		7B18E0261C5BF7A1005A2B8E /* PBXContainerItemProxy */ = {
			isa = PBXContainerItemProxy;
			containerPortal = 7B18E00E1C5BF7A1005A2B8E /* Project object */;
			proxyType = 1;
			remoteGlobalIDString = 7B18E0151C5BF7A1005A2B8E;
			remoteInfo = Queue;
		};
/* End PBXContainerItemProxy section */

/* Begin PBXFileReference section */
		7B18E0161C5BF7A1005A2B8E /* Queue.app */ = {isa = PBXFileReference; explicitFileType = wrapper.application; includeInIndex = 0; path = Queue.app; sourceTree = BUILT_PRODUCTS_DIR; };
		7B18E0191C5BF7A1005A2B8E /* AppDelegate.swift */ = {isa = PBXFileReference; lastKnownFileType = sourcecode.swift; path = AppDelegate.swift; sourceTree = "<group>"; };
		7B18E01B1C5BF7A1005A2B8E /* Assets.xcassets */ = {isa = PBXFileReference; lastKnownFileType = folder.assetcatalog; path = Assets.xcassets; sourceTree = "<group>"; };
		7B18E01E1C5BF7A1005A2B8E /* Base */ = {isa = PBXFileReference; lastKnownFileType = file.xib; name = Base; path = Base.lproj/MainMenu.xib; sourceTree = "<group>"; };
		7B18E0201C5BF7A1005A2B8E /* Info.plist */ = {isa = PBXFileReference; lastKnownFileType = text.plist.xml; path = Info.plist; sourceTree = "<group>"; };
		7B18E0251C5BF7A1005A2B8E /* QueueTests.xctest */ = {isa = PBXFileReference; explicitFileType = wrapper.cfbundle; includeInIndex = 0; path = QueueTests.xctest; sourceTree = BUILT_PRODUCTS_DIR; };
		7B18E0291C5BF7A1005A2B8E /* QueueTests.swift */ = {isa = PBXFileReference; lastKnownFileType = sourcecode.swift; path = QueueTests.swift; sourceTree = "<group>"; };
		7B18E02B1C5BF7A1005A2B8E /* Info.plist */ = {isa = PBXFileReference; lastKnownFileType = text.plist.xml; path = Info.plist; sourceTree = "<group>"; };
		7B18E0341C5BF7C2005A2B8E /* Queue.swift */ = {isa = PBXFileReference; fileEncoding = 4; lastKnownFileType = sourcecode.swift; name = Queue.swift; path = ../../Queue.swift; sourceTree = "<group>"; };
/* End PBXFileReference section */

/* Begin PBXFrameworksBuildPhase section */
		7B18E0131C5BF7A1005A2B8E /* Frameworks */ = {
			isa = PBXFrameworksBuildPhase;
			buildActionMask = 2147483647;
			files = (
			);
			runOnlyForDeploymentPostprocessing = 0;
		};
		7B18E0221C5BF7A1005A2B8E /* Frameworks */ = {
			isa = PBXFrameworksBuildPhase;
			buildActionMask = 2147483647;
			files = (
			);
			runOnlyForDeploymentPostprocessing = 0;
		};
/* End PBXFrameworksBuildPhase section */

/* Begin PBXGroup section */
		7B18E00D1C5BF7A1005A2B8E = {
			isa = PBXGroup;
			children = (
				7B18E0181C5BF7A1005A2B8E /* Queue */,
				7B18E0281C5BF7A1005A2B8E /* QueueTests */,
				7B18E0171C5BF7A1005A2B8E /* Products */,
			);
			sourceTree = "<group>";
		};
		7B18E0171C5BF7A1005A2B8E /* Products */ = {
			isa = PBXGroup;
			children = (
				7B18E0161C5BF7A1005A2B8E /* Queue.app */,
				7B18E0251C5BF7A1005A2B8E /* QueueTests.xctest */,
			);
			name = Products;
			sourceTree = "<group>";
		};
		7B18E0181C5BF7A1005A2B8E /* Queue */ = {
			isa = PBXGroup;
			children = (
				7B18E0191C5BF7A1005A2B8E /* AppDelegate.swift */,
				7B18E01B1C5BF7A1005A2B8E /* Assets.xcassets */,
				7B18E0201C5BF7A1005A2B8E /* Info.plist */,
				7B18E01D1C5BF7A1005A2B8E /* MainMenu.xib */,
				7B18E0341C5BF7C2005A2B8E /* Queue.swift */,
			);
			path = Queue;
			sourceTree = "<group>";
		};
		7B18E0281C5BF7A1005A2B8E /* QueueTests */ = {
			isa = PBXGroup;
			children = (
				7B18E0291C5BF7A1005A2B8E /* QueueTests.swift */,
				7B18E02B1C5BF7A1005A2B8E /* Info.plist */,
			);
			path = QueueTests;
			sourceTree = "<group>";
		};
/* End PBXGroup section */

/* Begin PBXNativeTarget section */
		7B18E0151C5BF7A1005A2B8E /* Queue */ = {
			isa = PBXNativeTarget;
			buildConfigurationList = 7B18E02E1C5BF7A1005A2B8E /* Build configuration list for PBXNativeTarget "Queue" */;
			buildPhases = (
				7B18E0121C5BF7A1005A2B8E /* Sources */,
				7B18E0131C5BF7A1005A2B8E /* Frameworks */,
				7B18E0141C5BF7A1005A2B8E /* Resources */,
			);
			buildRules = (
			);
			dependencies = (
			);
			name = Queue;
			productName = Queue;
			productReference = 7B18E0161C5BF7A1005A2B8E /* Queue.app */;
			productType = "com.apple.product-type.application";
		};
		7B18E0241C5BF7A1005A2B8E /* QueueTests */ = {
			isa = PBXNativeTarget;
			buildConfigurationList = 7B18E0311C5BF7A1005A2B8E /* Build configuration list for PBXNativeTarget "QueueTests" */;
			buildPhases = (
				7B18E0211C5BF7A1005A2B8E /* Sources */,
				7B18E0221C5BF7A1005A2B8E /* Frameworks */,
				7B18E0231C5BF7A1005A2B8E /* Resources */,
			);
			buildRules = (
			);
			dependencies = (
				7B18E0271C5BF7A1005A2B8E /* PBXTargetDependency */,
			);
			name = QueueTests;
			productName = QueueTests;
			productReference = 7B18E0251C5BF7A1005A2B8E /* QueueTests.xctest */;
			productType = "com.apple.product-type.bundle.unit-test";
		};
/* End PBXNativeTarget section */

/* Begin PBXProject section */
		7B18E00E1C5BF7A1005A2B8E /* Project object */ = {
			isa = PBXProject;
			attributes = {
				LastSwiftUpdateCheck = 0720;
				LastUpgradeCheck = 0720;
				ORGANIZATIONNAME = "Swift Algorithm Club";
				TargetAttributes = {
					7B18E0151C5BF7A1005A2B8E = {
						CreatedOnToolsVersion = 7.2;
					};
					7B18E0241C5BF7A1005A2B8E = {
						CreatedOnToolsVersion = 7.2;
						TestTargetID = 7B18E0151C5BF7A1005A2B8E;
					};
				};
			};
			buildConfigurationList = 7B18E0111C5BF7A1005A2B8E /* Build configuration list for PBXProject "Queue" */;
			compatibilityVersion = "Xcode 3.2";
			developmentRegion = English;
			hasScannedForEncodings = 0;
			knownRegions = (
				en,
				Base,
			);
			mainGroup = 7B18E00D1C5BF7A1005A2B8E;
			productRefGroup = 7B18E0171C5BF7A1005A2B8E /* Products */;
			projectDirPath = "";
			projectRoot = "";
			targets = (
				7B18E0151C5BF7A1005A2B8E /* Queue */,
				7B18E0241C5BF7A1005A2B8E /* QueueTests */,
			);
		};
/* End PBXProject section */

/* Begin PBXResourcesBuildPhase section */
		7B18E0141C5BF7A1005A2B8E /* Resources */ = {
			isa = PBXResourcesBuildPhase;
			buildActionMask = 2147483647;
			files = (
				7B18E01C1C5BF7A1005A2B8E /* Assets.xcassets in Resources */,
				7B18E01F1C5BF7A1005A2B8E /* MainMenu.xib in Resources */,
			);
			runOnlyForDeploymentPostprocessing = 0;
		};
		7B18E0231C5BF7A1005A2B8E /* Resources */ = {
			isa = PBXResourcesBuildPhase;
			buildActionMask = 2147483647;
			files = (
			);
			runOnlyForDeploymentPostprocessing = 0;
		};
/* End PBXResourcesBuildPhase section */

/* Begin PBXSourcesBuildPhase section */
		7B18E0121C5BF7A1005A2B8E /* Sources */ = {
			isa = PBXSourcesBuildPhase;
			buildActionMask = 2147483647;
			files = (
				7B18E01A1C5BF7A1005A2B8E /* AppDelegate.swift in Sources */,
				7B18E0351C5BF7C2005A2B8E /* Queue.swift in Sources */,
			);
			runOnlyForDeploymentPostprocessing = 0;
		};
		7B18E0211C5BF7A1005A2B8E /* Sources */ = {
			isa = PBXSourcesBuildPhase;
			buildActionMask = 2147483647;
			files = (
				7B18E02A1C5BF7A1005A2B8E /* QueueTests.swift in Sources */,
			);
			runOnlyForDeploymentPostprocessing = 0;
		};
/* End PBXSourcesBuildPhase section */

/* Begin PBXTargetDependency section */
		7B18E0271C5BF7A1005A2B8E /* PBXTargetDependency */ = {
			isa = PBXTargetDependency;
			target = 7B18E0151C5BF7A1005A2B8E /* Queue */;
			targetProxy = 7B18E0261C5BF7A1005A2B8E /* PBXContainerItemProxy */;
		};
/* End PBXTargetDependency section */

/* Begin PBXVariantGroup section */
		7B18E01D1C5BF7A1005A2B8E /* MainMenu.xib */ = {
			isa = PBXVariantGroup;
			children = (
				7B18E01E1C5BF7A1005A2B8E /* Base */,
			);
			name = MainMenu.xib;
			sourceTree = "<group>";
		};
/* End PBXVariantGroup section */

/* Begin XCBuildConfiguration section */
		7B18E02C1C5BF7A1005A2B8E /* Debug */ = {
			isa = XCBuildConfiguration;
			buildSettings = {
				ALWAYS_SEARCH_USER_PATHS = NO;
				CLANG_CXX_LANGUAGE_STANDARD = "gnu++0x";
				CLANG_CXX_LIBRARY = "libc++";
				CLANG_ENABLE_MODULES = YES;
				CLANG_ENABLE_OBJC_ARC = YES;
				CLANG_WARN_BOOL_CONVERSION = YES;
				CLANG_WARN_CONSTANT_CONVERSION = YES;
				CLANG_WARN_DIRECT_OBJC_ISA_USAGE = YES_ERROR;
				CLANG_WARN_EMPTY_BODY = YES;
				CLANG_WARN_ENUM_CONVERSION = YES;
				CLANG_WARN_INT_CONVERSION = YES;
				CLANG_WARN_OBJC_ROOT_CLASS = YES_ERROR;
				CLANG_WARN_UNREACHABLE_CODE = YES;
				CLANG_WARN__DUPLICATE_METHOD_MATCH = YES;
				CODE_SIGN_IDENTITY = "-";
				COPY_PHASE_STRIP = NO;
				DEBUG_INFORMATION_FORMAT = dwarf;
				ENABLE_STRICT_OBJC_MSGSEND = YES;
				ENABLE_TESTABILITY = YES;
				GCC_C_LANGUAGE_STANDARD = gnu99;
				GCC_DYNAMIC_NO_PIC = NO;
				GCC_NO_COMMON_BLOCKS = YES;
				GCC_OPTIMIZATION_LEVEL = 0;
				GCC_PREPROCESSOR_DEFINITIONS = (
					"DEBUG=1",
					"$(inherited)",
				);
				GCC_WARN_64_TO_32_BIT_CONVERSION = YES;
				GCC_WARN_ABOUT_RETURN_TYPE = YES_ERROR;
				GCC_WARN_UNDECLARED_SELECTOR = YES;
				GCC_WARN_UNINITIALIZED_AUTOS = YES_AGGRESSIVE;
				GCC_WARN_UNUSED_FUNCTION = YES;
				GCC_WARN_UNUSED_VARIABLE = YES;
				MACOSX_DEPLOYMENT_TARGET = 10.11;
				MTL_ENABLE_DEBUG_INFO = YES;
				ONLY_ACTIVE_ARCH = YES;
				SDKROOT = macosx;
				SWIFT_OPTIMIZATION_LEVEL = "-Onone";
			};
			name = Debug;
		};
		7B18E02D1C5BF7A1005A2B8E /* Release */ = {
			isa = XCBuildConfiguration;
			buildSettings = {
				ALWAYS_SEARCH_USER_PATHS = NO;
				CLANG_CXX_LANGUAGE_STANDARD = "gnu++0x";
				CLANG_CXX_LIBRARY = "libc++";
				CLANG_ENABLE_MODULES = YES;
				CLANG_ENABLE_OBJC_ARC = YES;
				CLANG_WARN_BOOL_CONVERSION = YES;
				CLANG_WARN_CONSTANT_CONVERSION = YES;
				CLANG_WARN_DIRECT_OBJC_ISA_USAGE = YES_ERROR;
				CLANG_WARN_EMPTY_BODY = YES;
				CLANG_WARN_ENUM_CONVERSION = YES;
				CLANG_WARN_INT_CONVERSION = YES;
				CLANG_WARN_OBJC_ROOT_CLASS = YES_ERROR;
				CLANG_WARN_UNREACHABLE_CODE = YES;
				CLANG_WARN__DUPLICATE_METHOD_MATCH = YES;
				CODE_SIGN_IDENTITY = "-";
				COPY_PHASE_STRIP = NO;
				DEBUG_INFORMATION_FORMAT = "dwarf-with-dsym";
				ENABLE_NS_ASSERTIONS = NO;
				ENABLE_STRICT_OBJC_MSGSEND = YES;
				GCC_C_LANGUAGE_STANDARD = gnu99;
				GCC_NO_COMMON_BLOCKS = YES;
				GCC_WARN_64_TO_32_BIT_CONVERSION = YES;
				GCC_WARN_ABOUT_RETURN_TYPE = YES_ERROR;
				GCC_WARN_UNDECLARED_SELECTOR = YES;
				GCC_WARN_UNINITIALIZED_AUTOS = YES_AGGRESSIVE;
				GCC_WARN_UNUSED_FUNCTION = YES;
				GCC_WARN_UNUSED_VARIABLE = YES;
				MACOSX_DEPLOYMENT_TARGET = 10.11;
				MTL_ENABLE_DEBUG_INFO = NO;
				SDKROOT = macosx;
			};
			name = Release;
		};
		7B18E02F1C5BF7A1005A2B8E /* Debug */ = {
			isa = XCBuildConfiguration;
			buildSettings = {
				ASSETCATALOG_COMPILER_APPICON_NAME = AppIcon;
				COMBINE_HIDPI_IMAGES = YES;
				INFOPLIST_FILE = Queue/Info.plist;
				LD_RUNPATH_SEARCH_PATHS = "$(inherited) @executable_path/../Frameworks";
				PRODUCT_BUNDLE_IDENTIFIER = swift.algorithm.club.Queue;
				PRODUCT_NAME = "$(TARGET_NAME)";
			};
			name = Debug;
		};
		7B18E0301C5BF7A1005A2B8E /* Release */ = {
			isa = XCBuildConfiguration;
			buildSettings = {
				ASSETCATALOG_COMPILER_APPICON_NAME = AppIcon;
				COMBINE_HIDPI_IMAGES = YES;
				INFOPLIST_FILE = Queue/Info.plist;
				LD_RUNPATH_SEARCH_PATHS = "$(inherited) @executable_path/../Frameworks";
				PRODUCT_BUNDLE_IDENTIFIER = swift.algorithm.club.Queue;
				PRODUCT_NAME = "$(TARGET_NAME)";
			};
			name = Release;
		};
		7B18E0321C5BF7A1005A2B8E /* Debug */ = {
			isa = XCBuildConfiguration;
			buildSettings = {
				BUNDLE_LOADER = "$(TEST_HOST)";
				COMBINE_HIDPI_IMAGES = YES;
				INFOPLIST_FILE = QueueTests/Info.plist;
				LD_RUNPATH_SEARCH_PATHS = "$(inherited) @executable_path/../Frameworks @loader_path/../Frameworks";
				PRODUCT_BUNDLE_IDENTIFIER = swift.algorithm.club.QueueTests;
				PRODUCT_NAME = "$(TARGET_NAME)";
				TEST_HOST = "$(BUILT_PRODUCTS_DIR)/Queue.app/Contents/MacOS/Queue";
			};
			name = Debug;
		};
		7B18E0331C5BF7A1005A2B8E /* Release */ = {
			isa = XCBuildConfiguration;
			buildSettings = {
				BUNDLE_LOADER = "$(TEST_HOST)";
				COMBINE_HIDPI_IMAGES = YES;
				INFOPLIST_FILE = QueueTests/Info.plist;
				LD_RUNPATH_SEARCH_PATHS = "$(inherited) @executable_path/../Frameworks @loader_path/../Frameworks";
				PRODUCT_BUNDLE_IDENTIFIER = swift.algorithm.club.QueueTests;
				PRODUCT_NAME = "$(TARGET_NAME)";
				TEST_HOST = "$(BUILT_PRODUCTS_DIR)/Queue.app/Contents/MacOS/Queue";
			};
			name = Release;
		};
/* End XCBuildConfiguration section */

/* Begin XCConfigurationList section */
		7B18E0111C5BF7A1005A2B8E /* Build configuration list for PBXProject "Queue" */ = {
			isa = XCConfigurationList;
			buildConfigurations = (
				7B18E02C1C5BF7A1005A2B8E /* Debug */,
				7B18E02D1C5BF7A1005A2B8E /* Release */,
			);
			defaultConfigurationIsVisible = 0;
			defaultConfigurationName = Release;
		};
		7B18E02E1C5BF7A1005A2B8E /* Build configuration list for PBXNativeTarget "Queue" */ = {
			isa = XCConfigurationList;
			buildConfigurations = (
				7B18E02F1C5BF7A1005A2B8E /* Debug */,
				7B18E0301C5BF7A1005A2B8E /* Release */,
			);
			defaultConfigurationIsVisible = 0;
			defaultConfigurationName = Release;
		};
		7B18E0311C5BF7A1005A2B8E /* Build configuration list for PBXNativeTarget "QueueTests" */ = {
			isa = XCConfigurationList;
			buildConfigurations = (
				7B18E0321C5BF7A1005A2B8E /* Debug */,
				7B18E0331C5BF7A1005A2B8E /* Release */,
			);
			defaultConfigurationIsVisible = 0;
			defaultConfigurationName = Release;
		};
/* End XCConfigurationList section */
	};
	rootObject = 7B18E00E1C5BF7A1005A2B8E /* Project object */;
}
