// !$*UTF8*$!
{
	archiveVersion = 1;
	classes = {
	};
	objectVersion = 50;
	objects = {

/* Begin PBXBuildFile section */
		84EE21CC2078DF6800FF1EB3 /* AppDelegate.swift in Sources */ = {isa = PBXBuildFile; fileRef = 84EE21CB2078DF6800FF1EB3 /* AppDelegate.swift */; };
		84EE21CE2078DF6800FF1EB3 /* ViewController.swift in Sources */ = {isa = PBXBuildFile; fileRef = 84EE21CD2078DF6800FF1EB3 /* ViewController.swift */; };
		84EE21D12078DF6800FF1EB3 /* Main.storyboard in Resources */ = {isa = PBXBuildFile; fileRef = 84EE21CF2078DF6800FF1EB3 /* Main.storyboard */; };
		84EE21D32078DF6C00FF1EB3 /* Assets.xcassets in Resources */ = {isa = PBXBuildFile; fileRef = 84EE21D22078DF6C00FF1EB3 /* Assets.xcassets */; };
		84EE21D62078DF6C00FF1EB3 /* LaunchScreen.storyboard in Resources */ = {isa = PBXBuildFile; fileRef = 84EE21D42078DF6C00FF1EB3 /* LaunchScreen.storyboard */; };
		84EE21DE2078DFD500FF1EB3 /* MergeSort.swift in Sources */ = {isa = PBXBuildFile; fileRef = 84EE21DD2078DFD500FF1EB3 /* MergeSort.swift */; };
		84EE21E12078DFFD00FF1EB3 /* Closestpair.swift in Sources */ = {isa = PBXBuildFile; fileRef = 84EE21E02078DFFD00FF1EB3 /* Closestpair.swift */; };
		84EE21E32078E04300FF1EB3 /* Input.txt in Resources */ = {isa = PBXBuildFile; fileRef = 84EE21E22078E04300FF1EB3 /* Input.txt */; };
/* End PBXBuildFile section */

/* Begin PBXFileReference section */
		84EE21C82078DF6800FF1EB3 /* Closest Pair.app */ = {isa = PBXFileReference; explicitFileType = wrapper.application; includeInIndex = 0; path = "Closest Pair.app"; sourceTree = BUILT_PRODUCTS_DIR; };
		84EE21CB2078DF6800FF1EB3 /* AppDelegate.swift */ = {isa = PBXFileReference; lastKnownFileType = sourcecode.swift; path = AppDelegate.swift; sourceTree = "<group>"; };
		84EE21CD2078DF6800FF1EB3 /* ViewController.swift */ = {isa = PBXFileReference; lastKnownFileType = sourcecode.swift; path = ViewController.swift; sourceTree = "<group>"; };
		84EE21D02078DF6800FF1EB3 /* Base */ = {isa = PBXFileReference; lastKnownFileType = file.storyboard; name = Base; path = Base.lproj/Main.storyboard; sourceTree = "<group>"; };
		84EE21D22078DF6C00FF1EB3 /* Assets.xcassets */ = {isa = PBXFileReference; lastKnownFileType = folder.assetcatalog; path = Assets.xcassets; sourceTree = "<group>"; };
		84EE21D52078DF6C00FF1EB3 /* Base */ = {isa = PBXFileReference; lastKnownFileType = file.storyboard; name = Base; path = Base.lproj/LaunchScreen.storyboard; sourceTree = "<group>"; };
		84EE21D72078DF6C00FF1EB3 /* Info.plist */ = {isa = PBXFileReference; lastKnownFileType = text.plist.xml; path = Info.plist; sourceTree = "<group>"; };
		84EE21DD2078DFD500FF1EB3 /* MergeSort.swift */ = {isa = PBXFileReference; fileEncoding = 4; lastKnownFileType = sourcecode.swift; path = MergeSort.swift; sourceTree = "<group>"; };
		84EE21E02078DFFD00FF1EB3 /* Closestpair.swift */ = {isa = PBXFileReference; fileEncoding = 4; lastKnownFileType = sourcecode.swift; path = Closestpair.swift; sourceTree = "<group>"; };
		84EE21E22078E04300FF1EB3 /* Input.txt */ = {isa = PBXFileReference; fileEncoding = 4; lastKnownFileType = text; path = Input.txt; sourceTree = "<group>"; };
/* End PBXFileReference section */

/* Begin PBXFrameworksBuildPhase section */
		84EE21C52078DF6800FF1EB3 /* Frameworks */ = {
			isa = PBXFrameworksBuildPhase;
			buildActionMask = 2147483647;
			files = (
			);
			runOnlyForDeploymentPostprocessing = 0;
		};
/* End PBXFrameworksBuildPhase section */

/* Begin PBXGroup section */
		84EE21BF2078DF6800FF1EB3 = {
			isa = PBXGroup;
			children = (
				84EE21CA2078DF6800FF1EB3 /* Closest Pair */,
				84EE21C92078DF6800FF1EB3 /* Products */,
			);
			sourceTree = "<group>";
		};
		84EE21C92078DF6800FF1EB3 /* Products */ = {
			isa = PBXGroup;
			children = (
				84EE21C82078DF6800FF1EB3 /* Closest Pair.app */,
			);
			name = Products;
			sourceTree = "<group>";
		};
		84EE21CA2078DF6800FF1EB3 /* Closest Pair */ = {
			isa = PBXGroup;
			children = (
				84EE21CD2078DF6800FF1EB3 /* ViewController.swift */,
				84EE21DD2078DFD500FF1EB3 /* MergeSort.swift */,
				84EE21E02078DFFD00FF1EB3 /* Closestpair.swift */,
				84EE21E22078E04300FF1EB3 /* Input.txt */,
				84EE21CB2078DF6800FF1EB3 /* AppDelegate.swift */,
				84EE21CF2078DF6800FF1EB3 /* Main.storyboard */,
				84EE21D22078DF6C00FF1EB3 /* Assets.xcassets */,
				84EE21D42078DF6C00FF1EB3 /* LaunchScreen.storyboard */,
				84EE21D72078DF6C00FF1EB3 /* Info.plist */,
			);
			path = "Closest Pair";
			sourceTree = "<group>";
		};
/* End PBXGroup section */

/* Begin PBXNativeTarget section */
		84EE21C72078DF6800FF1EB3 /* Closest Pair */ = {
			isa = PBXNativeTarget;
			buildConfigurationList = 84EE21DA2078DF6C00FF1EB3 /* Build configuration list for PBXNativeTarget "Closest Pair" */;
			buildPhases = (
				84EE21C42078DF6800FF1EB3 /* Sources */,
				84EE21C52078DF6800FF1EB3 /* Frameworks */,
				84EE21C62078DF6800FF1EB3 /* Resources */,
			);
			buildRules = (
			);
			dependencies = (
			);
			name = "Closest Pair";
			productName = "Closest Pair";
			productReference = 84EE21C82078DF6800FF1EB3 /* Closest Pair.app */;
			productType = "com.apple.product-type.application";
		};
/* End PBXNativeTarget section */

/* Begin PBXProject section */
		84EE21C02078DF6800FF1EB3 /* Project object */ = {
			isa = PBXProject;
			attributes = {
				LastSwiftUpdateCheck = 0930;
				LastUpgradeCheck = 0930;
				ORGANIZATIONNAME = ahmednader;
				TargetAttributes = {
					84EE21C72078DF6800FF1EB3 = {
						CreatedOnToolsVersion = 9.3;
					};
				};
			};
			buildConfigurationList = 84EE21C32078DF6800FF1EB3 /* Build configuration list for PBXProject "Closest Pair" */;
			compatibilityVersion = "Xcode 9.3";
			developmentRegion = en;
			hasScannedForEncodings = 0;
			knownRegions = (
				en,
				Base,
			);
			mainGroup = 84EE21BF2078DF6800FF1EB3;
			productRefGroup = 84EE21C92078DF6800FF1EB3 /* Products */;
			projectDirPath = "";
			projectRoot = "";
			targets = (
				84EE21C72078DF6800FF1EB3 /* Closest Pair */,
			);
		};
/* End PBXProject section */

/* Begin PBXResourcesBuildPhase section */
		84EE21C62078DF6800FF1EB3 /* Resources */ = {
			isa = PBXResourcesBuildPhase;
			buildActionMask = 2147483647;
			files = (
				84EE21D62078DF6C00FF1EB3 /* LaunchScreen.storyboard in Resources */,
				84EE21D32078DF6C00FF1EB3 /* Assets.xcassets in Resources */,
				84EE21D12078DF6800FF1EB3 /* Main.storyboard in Resources */,
				84EE21E32078E04300FF1EB3 /* Input.txt in Resources */,
			);
			runOnlyForDeploymentPostprocessing = 0;
		};
/* End PBXResourcesBuildPhase section */

/* Begin PBXSourcesBuildPhase section */
		84EE21C42078DF6800FF1EB3 /* Sources */ = {
			isa = PBXSourcesBuildPhase;
			buildActionMask = 2147483647;
			files = (
				84EE21DE2078DFD500FF1EB3 /* MergeSort.swift in Sources */,
				84EE21E12078DFFD00FF1EB3 /* Closestpair.swift in Sources */,
				84EE21CE2078DF6800FF1EB3 /* ViewController.swift in Sources */,
				84EE21CC2078DF6800FF1EB3 /* AppDelegate.swift in Sources */,
			);
			runOnlyForDeploymentPostprocessing = 0;
		};
/* End PBXSourcesBuildPhase section */

/* Begin PBXVariantGroup section */
		84EE21CF2078DF6800FF1EB3 /* Main.storyboard */ = {
			isa = PBXVariantGroup;
			children = (
				84EE21D02078DF6800FF1EB3 /* Base */,
			);
			name = Main.storyboard;
			sourceTree = "<group>";
		};
		84EE21D42078DF6C00FF1EB3 /* LaunchScreen.storyboard */ = {
			isa = PBXVariantGroup;
			children = (
				84EE21D52078DF6C00FF1EB3 /* Base */,
			);
			name = LaunchScreen.storyboard;
			sourceTree = "<group>";
		};
/* End PBXVariantGroup section */

/* Begin XCBuildConfiguration section */
		84EE21D82078DF6C00FF1EB3 /* Debug */ = {
			isa = XCBuildConfiguration;
			buildSettings = {
				ALWAYS_SEARCH_USER_PATHS = NO;
				CLANG_ANALYZER_NONNULL = YES;
				CLANG_ANALYZER_NUMBER_OBJECT_CONVERSION = YES_AGGRESSIVE;
				CLANG_CXX_LANGUAGE_STANDARD = "gnu++14";
				CLANG_CXX_LIBRARY = "libc++";
				CLANG_ENABLE_MODULES = YES;
				CLANG_ENABLE_OBJC_ARC = YES;
				CLANG_ENABLE_OBJC_WEAK = YES;
				CLANG_WARN_BLOCK_CAPTURE_AUTORELEASING = YES;
				CLANG_WARN_BOOL_CONVERSION = YES;
				CLANG_WARN_COMMA = YES;
				CLANG_WARN_CONSTANT_CONVERSION = YES;
				CLANG_WARN_DEPRECATED_OBJC_IMPLEMENTATIONS = YES;
				CLANG_WARN_DIRECT_OBJC_ISA_USAGE = YES_ERROR;
				CLANG_WARN_DOCUMENTATION_COMMENTS = YES;
				CLANG_WARN_EMPTY_BODY = YES;
				CLANG_WARN_ENUM_CONVERSION = YES;
				CLANG_WARN_INFINITE_RECURSION = YES;
				CLANG_WARN_INT_CONVERSION = YES;
				CLANG_WARN_NON_LITERAL_NULL_CONVERSION = YES;
				CLANG_WARN_OBJC_IMPLICIT_RETAIN_SELF = YES;
				CLANG_WARN_OBJC_LITERAL_CONVERSION = YES;
				CLANG_WARN_OBJC_ROOT_CLASS = YES_ERROR;
				CLANG_WARN_RANGE_LOOP_ANALYSIS = YES;
				CLANG_WARN_STRICT_PROTOTYPES = YES;
				CLANG_WARN_SUSPICIOUS_MOVE = YES;
				CLANG_WARN_UNGUARDED_AVAILABILITY = YES_AGGRESSIVE;
				CLANG_WARN_UNREACHABLE_CODE = YES;
				CLANG_WARN__DUPLICATE_METHOD_MATCH = YES;
				CODE_SIGN_IDENTITY = "iPhone Developer";
				COPY_PHASE_STRIP = NO;
				DEBUG_INFORMATION_FORMAT = dwarf;
				ENABLE_STRICT_OBJC_MSGSEND = YES;
				ENABLE_TESTABILITY = YES;
				GCC_C_LANGUAGE_STANDARD = gnu11;
				GCC_DYNAMIC_NO_PIC = NO;
				GCC_NO_COMMON_BLOCKS = YES;
				GCC_OPTIMIZATION_LEVEL = 0;
				GCC_PREPROCESSOR_DEFINITIONS = (
					"DEBUG=1",
					"$(inherited)",
				);
				GCC_WARN_64_TO_32_BIT_CONVERSION = YES;
				GCC_WARN_ABOUT_RETURN_TYPE = YES_ERROR;
				GCC_WARN_UNDECLARED_SELECTOR = YES;
				GCC_WARN_UNINITIALIZED_AUTOS = YES_AGGRESSIVE;
				GCC_WARN_UNUSED_FUNCTION = YES;
				GCC_WARN_UNUSED_VARIABLE = YES;
				IPHONEOS_DEPLOYMENT_TARGET = 11.3;
				MTL_ENABLE_DEBUG_INFO = YES;
				ONLY_ACTIVE_ARCH = YES;
				SDKROOT = iphoneos;
				SWIFT_ACTIVE_COMPILATION_CONDITIONS = DEBUG;
				SWIFT_OPTIMIZATION_LEVEL = "-Onone";
			};
			name = Debug;
		};
		84EE21D92078DF6C00FF1EB3 /* Release */ = {
			isa = XCBuildConfiguration;
			buildSettings = {
				ALWAYS_SEARCH_USER_PATHS = NO;
				CLANG_ANALYZER_NONNULL = YES;
				CLANG_ANALYZER_NUMBER_OBJECT_CONVERSION = YES_AGGRESSIVE;
				CLANG_CXX_LANGUAGE_STANDARD = "gnu++14";
				CLANG_CXX_LIBRARY = "libc++";
				CLANG_ENABLE_MODULES = YES;
				CLANG_ENABLE_OBJC_ARC = YES;
				CLANG_ENABLE_OBJC_WEAK = YES;
				CLANG_WARN_BLOCK_CAPTURE_AUTORELEASING = YES;
				CLANG_WARN_BOOL_CONVERSION = YES;
				CLANG_WARN_COMMA = YES;
				CLANG_WARN_CONSTANT_CONVERSION = YES;
				CLANG_WARN_DEPRECATED_OBJC_IMPLEMENTATIONS = YES;
				CLANG_WARN_DIRECT_OBJC_ISA_USAGE = YES_ERROR;
				CLANG_WARN_DOCUMENTATION_COMMENTS = YES;
				CLANG_WARN_EMPTY_BODY = YES;
				CLANG_WARN_ENUM_CONVERSION = YES;
				CLANG_WARN_INFINITE_RECURSION = YES;
				CLANG_WARN_INT_CONVERSION = YES;
				CLANG_WARN_NON_LITERAL_NULL_CONVERSION = YES;
				CLANG_WARN_OBJC_IMPLICIT_RETAIN_SELF = YES;
				CLANG_WARN_OBJC_LITERAL_CONVERSION = YES;
				CLANG_WARN_OBJC_ROOT_CLASS = YES_ERROR;
				CLANG_WARN_RANGE_LOOP_ANALYSIS = YES;
				CLANG_WARN_STRICT_PROTOTYPES = YES;
				CLANG_WARN_SUSPICIOUS_MOVE = YES;
				CLANG_WARN_UNGUARDED_AVAILABILITY = YES_AGGRESSIVE;
				CLANG_WARN_UNREACHABLE_CODE = YES;
				CLANG_WARN__DUPLICATE_METHOD_MATCH = YES;
				CODE_SIGN_IDENTITY = "iPhone Developer";
				COPY_PHASE_STRIP = NO;
				DEBUG_INFORMATION_FORMAT = "dwarf-with-dsym";
				ENABLE_NS_ASSERTIONS = NO;
				ENABLE_STRICT_OBJC_MSGSEND = YES;
				GCC_C_LANGUAGE_STANDARD = gnu11;
				GCC_NO_COMMON_BLOCKS = YES;
				GCC_WARN_64_TO_32_BIT_CONVERSION = YES;
				GCC_WARN_ABOUT_RETURN_TYPE = YES_ERROR;
				GCC_WARN_UNDECLARED_SELECTOR = YES;
				GCC_WARN_UNINITIALIZED_AUTOS = YES_AGGRESSIVE;
				GCC_WARN_UNUSED_FUNCTION = YES;
				GCC_WARN_UNUSED_VARIABLE = YES;
				IPHONEOS_DEPLOYMENT_TARGET = 11.3;
				MTL_ENABLE_DEBUG_INFO = NO;
				SDKROOT = iphoneos;
				SWIFT_COMPILATION_MODE = wholemodule;
				SWIFT_OPTIMIZATION_LEVEL = "-O";
				VALIDATE_PRODUCT = YES;
			};
			name = Release;
		};
		84EE21DB2078DF6C00FF1EB3 /* Debug */ = {
			isa = XCBuildConfiguration;
			buildSettings = {
				ASSETCATALOG_COMPILER_APPICON_NAME = AppIcon;
				CODE_SIGN_STYLE = Automatic;
				DEVELOPMENT_TEAM = 3TVP64ZUPA;
				INFOPLIST_FILE = "Closest Pair/Info.plist";
				LD_RUNPATH_SEARCH_PATHS = (
					"$(inherited)",
					"@executable_path/Frameworks",
				);
				PRODUCT_BUNDLE_IDENTIFIER = "com.ahmednader.Closest-Pair";
				PRODUCT_NAME = "$(TARGET_NAME)";
				SWIFT_VERSION = 4.0;
				TARGETED_DEVICE_FAMILY = "1,2";
			};
			name = Debug;
		};
		84EE21DC2078DF6C00FF1EB3 /* Release */ = {
			isa = XCBuildConfiguration;
			buildSettings = {
				ASSETCATALOG_COMPILER_APPICON_NAME = AppIcon;
				CODE_SIGN_STYLE = Automatic;
				DEVELOPMENT_TEAM = 3TVP64ZUPA;
				INFOPLIST_FILE = "Closest Pair/Info.plist";
				LD_RUNPATH_SEARCH_PATHS = (
					"$(inherited)",
					"@executable_path/Frameworks",
				);
				PRODUCT_BUNDLE_IDENTIFIER = "com.ahmednader.Closest-Pair";
				PRODUCT_NAME = "$(TARGET_NAME)";
				SWIFT_VERSION = 4.0;
				TARGETED_DEVICE_FAMILY = "1,2";
			};
			name = Release;
		};
/* End XCBuildConfiguration section */

/* Begin XCConfigurationList section */
		84EE21C32078DF6800FF1EB3 /* Build configuration list for PBXProject "Closest Pair" */ = {
			isa = XCConfigurationList;
			buildConfigurations = (
				84EE21D82078DF6C00FF1EB3 /* Debug */,
				84EE21D92078DF6C00FF1EB3 /* Release */,
			);
			defaultConfigurationIsVisible = 0;
			defaultConfigurationName = Release;
		};
		84EE21DA2078DF6C00FF1EB3 /* Build configuration list for PBXNativeTarget "Closest Pair" */ = {
			isa = XCConfigurationList;
			buildConfigurations = (
				84EE21DB2078DF6C00FF1EB3 /* Debug */,
				84EE21DC2078DF6C00FF1EB3 /* Release */,
			);
			defaultConfigurationIsVisible = 0;
			defaultConfigurationName = Release;
		};
/* End XCConfigurationList section */
	};
	rootObject = 84EE21C02078DF6800FF1EB3 /* Project object */;
}
