// !$*UTF8*$!
{
	archiveVersion = 1;
	classes = {
	};
	objectVersion = 46;
	objects = {

/* Begin PBXBuildFile section */
		7B18E0971C5BFA2E005A2B8E /* AppDelegate.swift in Sources */ = {isa = PBXBuildFile; fileRef = 7B18E0961C5BFA2E005A2B8E /* AppDelegate.swift */; };
		7B18E0A71C5BFA2E005A2B8E /* SelectMinimumMaximumTests.swift in Sources */ = {isa = PBXBuildFile; fileRef = 7B18E0A61C5BFA2E005A2B8E /* SelectMinimumMaximumTests.swift */; };
		83F3255D1C64A0E700EB0421 /* Maximum.swift in Sources */ = {isa = PBXBuildFile; fileRef = 83F3255A1C64A0E700EB0421 /* Maximum.swift */; };
		83F3255E1C64A0E700EB0421 /* Minimum.swift in Sources */ = {isa = PBXBuildFile; fileRef = 83F3255B1C64A0E700EB0421 /* Minimum.swift */; };
		83F3255F1C64A0E700EB0421 /* MinimumMaximumPairs.swift in Sources */ = {isa = PBXBuildFile; fileRef = 83F3255C1C64A0E700EB0421 /* MinimumMaximumPairs.swift */; };
		83F325611C64A3E000EB0421 /* MinimumTests.swift in Sources */ = {isa = PBXBuildFile; fileRef = 83F325601C64A3E000EB0421 /* MinimumTests.swift */; };
		83F325631C64A4D400EB0421 /* MaximumTests.swift in Sources */ = {isa = PBXBuildFile; fileRef = 83F325621C64A4D400EB0421 /* MaximumTests.swift */; };
/* End PBXBuildFile section */

/* Begin PBXContainerItemProxy section */
		7B18E0A31C5BFA2E005A2B8E /* PBXContainerItemProxy */ = {
			isa = PBXContainerItemProxy;
			containerPortal = 7B18E08B1C5BFA2E005A2B8E /* Project object */;
			proxyType = 1;
			remoteGlobalIDString = 7B18E0921C5BFA2E005A2B8E;
			remoteInfo = SelectMinimumMaximum;
		};
/* End PBXContainerItemProxy section */

/* Begin PBXFileReference section */
		7B18E0931C5BFA2E005A2B8E /* SelectMinimumMaximum.app */ = {isa = PBXFileReference; explicitFileType = wrapper.application; includeInIndex = 0; path = SelectMinimumMaximum.app; sourceTree = BUILT_PRODUCTS_DIR; };
		7B18E0961C5BFA2E005A2B8E /* AppDelegate.swift */ = {isa = PBXFileReference; lastKnownFileType = sourcecode.swift; path = AppDelegate.swift; sourceTree = "<group>"; };
		7B18E09D1C5BFA2E005A2B8E /* Info.plist */ = {isa = PBXFileReference; lastKnownFileType = text.plist.xml; path = Info.plist; sourceTree = "<group>"; };
		7B18E0A21C5BFA2E005A2B8E /* SelectMinimumMaximumTests.xctest */ = {isa = PBXFileReference; explicitFileType = wrapper.cfbundle; includeInIndex = 0; path = SelectMinimumMaximumTests.xctest; sourceTree = BUILT_PRODUCTS_DIR; };
		7B18E0A61C5BFA2E005A2B8E /* SelectMinimumMaximumTests.swift */ = {isa = PBXFileReference; lastKnownFileType = sourcecode.swift; path = SelectMinimumMaximumTests.swift; sourceTree = "<group>"; };
		7B18E0A81C5BFA2E005A2B8E /* Info.plist */ = {isa = PBXFileReference; lastKnownFileType = text.plist.xml; path = Info.plist; sourceTree = "<group>"; };
		83F3255A1C64A0E700EB0421 /* Maximum.swift */ = {isa = PBXFileReference; fileEncoding = 4; lastKnownFileType = sourcecode.swift; name = Maximum.swift; path = ../../Maximum.swift; sourceTree = "<group>"; };
		83F3255B1C64A0E700EB0421 /* Minimum.swift */ = {isa = PBXFileReference; fileEncoding = 4; lastKnownFileType = sourcecode.swift; name = Minimum.swift; path = ../../Minimum.swift; sourceTree = "<group>"; };
		83F3255C1C64A0E700EB0421 /* MinimumMaximumPairs.swift */ = {isa = PBXFileReference; fileEncoding = 4; lastKnownFileType = sourcecode.swift; name = MinimumMaximumPairs.swift; path = ../../MinimumMaximumPairs.swift; sourceTree = "<group>"; };
		83F325601C64A3E000EB0421 /* MinimumTests.swift */ = {isa = PBXFileReference; fileEncoding = 4; lastKnownFileType = sourcecode.swift; path = MinimumTests.swift; sourceTree = "<group>"; };
		83F325621C64A4D400EB0421 /* MaximumTests.swift */ = {isa = PBXFileReference; fileEncoding = 4; lastKnownFileType = sourcecode.swift; path = MaximumTests.swift; sourceTree = "<group>"; };
/* End PBXFileReference section */

/* Begin PBXFrameworksBuildPhase section */
		7B18E0901C5BFA2E005A2B8E /* Frameworks */ = {
			isa = PBXFrameworksBuildPhase;
			buildActionMask = 2147483647;
			files = (
			);
			runOnlyForDeploymentPostprocessing = 0;
		};
		7B18E09F1C5BFA2E005A2B8E /* Frameworks */ = {
			isa = PBXFrameworksBuildPhase;
			buildActionMask = 2147483647;
			files = (
			);
			runOnlyForDeploymentPostprocessing = 0;
		};
/* End PBXFrameworksBuildPhase section */

/* Begin PBXGroup section */
		7B18E08A1C5BFA2E005A2B8E = {
			isa = PBXGroup;
			children = (
				7B18E0951C5BFA2E005A2B8E /* SelectMinimumMaximum */,
				7B18E0A51C5BFA2E005A2B8E /* SelectMinimumMaximumTests */,
				7B18E0941C5BFA2E005A2B8E /* Products */,
			);
			sourceTree = "<group>";
		};
		7B18E0941C5BFA2E005A2B8E /* Products */ = {
			isa = PBXGroup;
			children = (
				7B18E0931C5BFA2E005A2B8E /* SelectMinimumMaximum.app */,
				7B18E0A21C5BFA2E005A2B8E /* SelectMinimumMaximumTests.xctest */,
			);
			name = Products;
			sourceTree = "<group>";
		};
		7B18E0951C5BFA2E005A2B8E /* SelectMinimumMaximum */ = {
			isa = PBXGroup;
			children = (
				7B18E0961C5BFA2E005A2B8E /* AppDelegate.swift */,
				83F3255A1C64A0E700EB0421 /* Maximum.swift */,
				83F3255B1C64A0E700EB0421 /* Minimum.swift */,
				83F3255C1C64A0E700EB0421 /* MinimumMaximumPairs.swift */,
				7B18E09D1C5BFA2E005A2B8E /* Info.plist */,
			);
			path = SelectMinimumMaximum;
			sourceTree = "<group>";
		};
		7B18E0A51C5BFA2E005A2B8E /* SelectMinimumMaximumTests */ = {
			isa = PBXGroup;
			children = (
				7B18E0A81C5BFA2E005A2B8E /* Info.plist */,
				7B18E0A61C5BFA2E005A2B8E /* SelectMinimumMaximumTests.swift */,
				83F325601C64A3E000EB0421 /* MinimumTests.swift */,
				83F325621C64A4D400EB0421 /* MaximumTests.swift */,
			);
			path = SelectMinimumMaximumTests;
			sourceTree = "<group>";
		};
/* End PBXGroup section */

/* Begin PBXNativeTarget section */
		7B18E0921C5BFA2E005A2B8E /* SelectMinimumMaximum */ = {
			isa = PBXNativeTarget;
			buildConfigurationList = 7B18E0AB1C5BFA2E005A2B8E /* Build configuration list for PBXNativeTarget "SelectMinimumMaximum" */;
			buildPhases = (
				7B18E08F1C5BFA2E005A2B8E /* Sources */,
				7B18E0901C5BFA2E005A2B8E /* Frameworks */,
				7B18E0911C5BFA2E005A2B8E /* Resources */,
			);
			buildRules = (
			);
			dependencies = (
			);
			name = SelectMinimumMaximum;
			productName = SelectMinimumMaximum;
			productReference = 7B18E0931C5BFA2E005A2B8E /* SelectMinimumMaximum.app */;
			productType = "com.apple.product-type.application";
		};
		7B18E0A11C5BFA2E005A2B8E /* SelectMinimumMaximumTests */ = {
			isa = PBXNativeTarget;
			buildConfigurationList = 7B18E0AE1C5BFA2E005A2B8E /* Build configuration list for PBXNativeTarget "SelectMinimumMaximumTests" */;
			buildPhases = (
				7B18E09E1C5BFA2E005A2B8E /* Sources */,
				7B18E09F1C5BFA2E005A2B8E /* Frameworks */,
				7B18E0A01C5BFA2E005A2B8E /* Resources */,
			);
			buildRules = (
			);
			dependencies = (
				7B18E0A41C5BFA2E005A2B8E /* PBXTargetDependency */,
			);
			name = SelectMinimumMaximumTests;
			productName = SelectMinimumMaximumTests;
			productReference = 7B18E0A21C5BFA2E005A2B8E /* SelectMinimumMaximumTests.xctest */;
			productType = "com.apple.product-type.bundle.unit-test";
		};
/* End PBXNativeTarget section */

/* Begin PBXProject section */
		7B18E08B1C5BFA2E005A2B8E /* Project object */ = {
			isa = PBXProject;
			attributes = {
				LastSwiftUpdateCheck = 0720;
				LastUpgradeCheck = 0720;
				ORGANIZATIONNAME = "Swift Algorithm Club";
				TargetAttributes = {
					7B18E0921C5BFA2E005A2B8E = {
						CreatedOnToolsVersion = 7.2;
					};
					7B18E0A11C5BFA2E005A2B8E = {
						CreatedOnToolsVersion = 7.2;
						TestTargetID = 7B18E0921C5BFA2E005A2B8E;
					};
				};
			};
			buildConfigurationList = 7B18E08E1C5BFA2E005A2B8E /* Build configuration list for PBXProject "SelectMinimumMaximum" */;
			compatibilityVersion = "Xcode 3.2";
			developmentRegion = English;
			hasScannedForEncodings = 0;
			knownRegions = (
				en,
				Base,
			);
			mainGroup = 7B18E08A1C5BFA2E005A2B8E;
			productRefGroup = 7B18E0941C5BFA2E005A2B8E /* Products */;
			projectDirPath = "";
			projectRoot = "";
			targets = (
				7B18E0921C5BFA2E005A2B8E /* SelectMinimumMaximum */,
				7B18E0A11C5BFA2E005A2B8E /* SelectMinimumMaximumTests */,
			);
		};
/* End PBXProject section */

/* Begin PBXResourcesBuildPhase section */
		7B18E0911C5BFA2E005A2B8E /* Resources */ = {
			isa = PBXResourcesBuildPhase;
			buildActionMask = 2147483647;
			files = (
			);
			runOnlyForDeploymentPostprocessing = 0;
		};
		7B18E0A01C5BFA2E005A2B8E /* Resources */ = {
			isa = PBXResourcesBuildPhase;
			buildActionMask = 2147483647;
			files = (
			);
			runOnlyForDeploymentPostprocessing = 0;
		};
/* End PBXResourcesBuildPhase section */

/* Begin PBXSourcesBuildPhase section */
		7B18E08F1C5BFA2E005A2B8E /* Sources */ = {
			isa = PBXSourcesBuildPhase;
			buildActionMask = 2147483647;
			files = (
				83F3255E1C64A0E700EB0421 /* Minimum.swift in Sources */,
				83F3255F1C64A0E700EB0421 /* MinimumMaximumPairs.swift in Sources */,
				83F3255D1C64A0E700EB0421 /* Maximum.swift in Sources */,
				7B18E0971C5BFA2E005A2B8E /* AppDelegate.swift in Sources */,
			);
			runOnlyForDeploymentPostprocessing = 0;
		};
		7B18E09E1C5BFA2E005A2B8E /* Sources */ = {
			isa = PBXSourcesBuildPhase;
			buildActionMask = 2147483647;
			files = (
				83F325611C64A3E000EB0421 /* MinimumTests.swift in Sources */,
				83F325631C64A4D400EB0421 /* MaximumTests.swift in Sources */,
				7B18E0A71C5BFA2E005A2B8E /* SelectMinimumMaximumTests.swift in Sources */,
			);
			runOnlyForDeploymentPostprocessing = 0;
		};
/* End PBXSourcesBuildPhase section */

/* Begin PBXTargetDependency section */
		7B18E0A41C5BFA2E005A2B8E /* PBXTargetDependency */ = {
			isa = PBXTargetDependency;
			target = 7B18E0921C5BFA2E005A2B8E /* SelectMinimumMaximum */;
			targetProxy = 7B18E0A31C5BFA2E005A2B8E /* PBXContainerItemProxy */;
		};
/* End PBXTargetDependency section */

/* Begin XCBuildConfiguration section */
		7B18E0A91C5BFA2E005A2B8E /* Debug */ = {
			isa = XCBuildConfiguration;
			buildSettings = {
				ALWAYS_SEARCH_USER_PATHS = NO;
				CLANG_CXX_LANGUAGE_STANDARD = "gnu++0x";
				CLANG_CXX_LIBRARY = "libc++";
				CLANG_ENABLE_MODULES = YES;
				CLANG_ENABLE_OBJC_ARC = YES;
				CLANG_WARN_BOOL_CONVERSION = YES;
				CLANG_WARN_CONSTANT_CONVERSION = YES;
				CLANG_WARN_DIRECT_OBJC_ISA_USAGE = YES_ERROR;
				CLANG_WARN_EMPTY_BODY = YES;
				CLANG_WARN_ENUM_CONVERSION = YES;
				CLANG_WARN_INT_CONVERSION = YES;
				CLANG_WARN_OBJC_ROOT_CLASS = YES_ERROR;
				CLANG_WARN_UNREACHABLE_CODE = YES;
				CLANG_WARN__DUPLICATE_METHOD_MATCH = YES;
				CODE_SIGN_IDENTITY = "-";
				COPY_PHASE_STRIP = NO;
				DEBUG_INFORMATION_FORMAT = dwarf;
				ENABLE_STRICT_OBJC_MSGSEND = YES;
				ENABLE_TESTABILITY = YES;
				GCC_C_LANGUAGE_STANDARD = gnu99;
				GCC_DYNAMIC_NO_PIC = NO;
				GCC_NO_COMMON_BLOCKS = YES;
				GCC_OPTIMIZATION_LEVEL = 0;
				GCC_PREPROCESSOR_DEFINITIONS = (
					"DEBUG=1",
					"$(inherited)",
				);
				GCC_WARN_64_TO_32_BIT_CONVERSION = YES;
				GCC_WARN_ABOUT_RETURN_TYPE = YES_ERROR;
				GCC_WARN_UNDECLARED_SELECTOR = YES;
				GCC_WARN_UNINITIALIZED_AUTOS = YES_AGGRESSIVE;
				GCC_WARN_UNUSED_FUNCTION = YES;
				GCC_WARN_UNUSED_VARIABLE = YES;
				MACOSX_DEPLOYMENT_TARGET = 10.11;
				MTL_ENABLE_DEBUG_INFO = YES;
				ONLY_ACTIVE_ARCH = YES;
				SDKROOT = macosx;
				SWIFT_OPTIMIZATION_LEVEL = "-Onone";
			};
			name = Debug;
		};
		7B18E0AA1C5BFA2E005A2B8E /* Release */ = {
			isa = XCBuildConfiguration;
			buildSettings = {
				ALWAYS_SEARCH_USER_PATHS = NO;
				CLANG_CXX_LANGUAGE_STANDARD = "gnu++0x";
				CLANG_CXX_LIBRARY = "libc++";
				CLANG_ENABLE_MODULES = YES;
				CLANG_ENABLE_OBJC_ARC = YES;
				CLANG_WARN_BOOL_CONVERSION = YES;
				CLANG_WARN_CONSTANT_CONVERSION = YES;
				CLANG_WARN_DIRECT_OBJC_ISA_USAGE = YES_ERROR;
				CLANG_WARN_EMPTY_BODY = YES;
				CLANG_WARN_ENUM_CONVERSION = YES;
				CLANG_WARN_INT_CONVERSION = YES;
				CLANG_WARN_OBJC_ROOT_CLASS = YES_ERROR;
				CLANG_WARN_UNREACHABLE_CODE = YES;
				CLANG_WARN__DUPLICATE_METHOD_MATCH = YES;
				CODE_SIGN_IDENTITY = "-";
				COPY_PHASE_STRIP = NO;
				DEBUG_INFORMATION_FORMAT = "dwarf-with-dsym";
				ENABLE_NS_ASSERTIONS = NO;
				ENABLE_STRICT_OBJC_MSGSEND = YES;
				GCC_C_LANGUAGE_STANDARD = gnu99;
				GCC_NO_COMMON_BLOCKS = YES;
				GCC_WARN_64_TO_32_BIT_CONVERSION = YES;
				GCC_WARN_ABOUT_RETURN_TYPE = YES_ERROR;
				GCC_WARN_UNDECLARED_SELECTOR = YES;
				GCC_WARN_UNINITIALIZED_AUTOS = YES_AGGRESSIVE;
				GCC_WARN_UNUSED_FUNCTION = YES;
				GCC_WARN_UNUSED_VARIABLE = YES;
				MACOSX_DEPLOYMENT_TARGET = 10.11;
				MTL_ENABLE_DEBUG_INFO = NO;
				SDKROOT = macosx;
			};
			name = Release;
		};
		7B18E0AC1C5BFA2E005A2B8E /* Debug */ = {
			isa = XCBuildConfiguration;
			buildSettings = {
				COMBINE_HIDPI_IMAGES = YES;
				INFOPLIST_FILE = SelectMinimumMaximum/Info.plist;
				LD_RUNPATH_SEARCH_PATHS = "$(inherited) @executable_path/../Frameworks";
				PRODUCT_BUNDLE_IDENTIFIER = swift.algorithm.club.SelectMinimumMaximum;
				PRODUCT_NAME = "$(TARGET_NAME)";
			};
			name = Debug;
		};
		7B18E0AD1C5BFA2E005A2B8E /* Release */ = {
			isa = XCBuildConfiguration;
			buildSettings = {
				COMBINE_HIDPI_IMAGES = YES;
				INFOPLIST_FILE = SelectMinimumMaximum/Info.plist;
				LD_RUNPATH_SEARCH_PATHS = "$(inherited) @executable_path/../Frameworks";
				PRODUCT_BUNDLE_IDENTIFIER = swift.algorithm.club.SelectMinimumMaximum;
				PRODUCT_NAME = "$(TARGET_NAME)";
			};
			name = Release;
		};
		7B18E0AF1C5BFA2E005A2B8E /* Debug */ = {
			isa = XCBuildConfiguration;
			buildSettings = {
				BUNDLE_LOADER = "$(TEST_HOST)";
				COMBINE_HIDPI_IMAGES = YES;
				INFOPLIST_FILE = SelectMinimumMaximumTests/Info.plist;
				LD_RUNPATH_SEARCH_PATHS = "$(inherited) @executable_path/../Frameworks @loader_path/../Frameworks";
				PRODUCT_BUNDLE_IDENTIFIER = swift.algorithm.club.SelectMinimumMaximumTests;
				PRODUCT_NAME = "$(TARGET_NAME)";
				TEST_HOST = "$(BUILT_PRODUCTS_DIR)/SelectMinimumMaximum.app/Contents/MacOS/SelectMinimumMaximum";
			};
			name = Debug;
		};
		7B18E0B01C5BFA2E005A2B8E /* Release */ = {
			isa = XCBuildConfiguration;
			buildSettings = {
				BUNDLE_LOADER = "$(TEST_HOST)";
				COMBINE_HIDPI_IMAGES = YES;
				INFOPLIST_FILE = SelectMinimumMaximumTests/Info.plist;
				LD_RUNPATH_SEARCH_PATHS = "$(inherited) @executable_path/../Frameworks @loader_path/../Frameworks";
				PRODUCT_BUNDLE_IDENTIFIER = swift.algorithm.club.SelectMinimumMaximumTests;
				PRODUCT_NAME = "$(TARGET_NAME)";
				TEST_HOST = "$(BUILT_PRODUCTS_DIR)/SelectMinimumMaximum.app/Contents/MacOS/SelectMinimumMaximum";
			};
			name = Release;
		};
/* End XCBuildConfiguration section */

/* Begin XCConfigurationList section */
		7B18E08E1C5BFA2E005A2B8E /* Build configuration list for PBXProject "SelectMinimumMaximum" */ = {
			isa = XCConfigurationList;
			buildConfigurations = (
				7B18E0A91C5BFA2E005A2B8E /* Debug */,
				7B18E0AA1C5BFA2E005A2B8E /* Release */,
			);
			defaultConfigurationIsVisible = 0;
			defaultConfigurationName = Release;
		};
		7B18E0AB1C5BFA2E005A2B8E /* Build configuration list for PBXNativeTarget "SelectMinimumMaximum" */ = {
			isa = XCConfigurationList;
			buildConfigurations = (
				7B18E0AC1C5BFA2E005A2B8E /* Debug */,
				7B18E0AD1C5BFA2E005A2B8E /* Release */,
			);
			defaultConfigurationIsVisible = 0;
			defaultConfigurationName = Release;
		};
		7B18E0AE1C5BFA2E005A2B8E /* Build configuration list for PBXNativeTarget "SelectMinimumMaximumTests" */ = {
			isa = XCConfigurationList;
			buildConfigurations = (
				7B18E0AF1C5BFA2E005A2B8E /* Debug */,
				7B18E0B01C5BFA2E005A2B8E /* Release */,
			);
			defaultConfigurationIsVisible = 0;
			defaultConfigurationName = Release;
		};
/* End XCConfigurationList section */
	};
	rootObject = 7B18E08B1C5BFA2E005A2B8E /* Project object */;
}
