// !$*UTF8*$!
{
	archiveVersion = 1;
	classes = {
	};
	objectVersion = 46;
	objects = {

/* Begin PBXBuildFile section */
		7B18DFF11C5BF66F005A2B8E /* AppDelegate.swift in Sources */ = {isa = PBXBuildFile; fileRef = 7B18DFF01C5BF66F005A2B8E /* AppDelegate.swift */; };
		7B18DFF31C5BF66F005A2B8E /* Assets.xcassets in Resources */ = {isa = PBXBuildFile; fileRef = 7B18DFF21C5BF66F005A2B8E /* Assets.xcassets */; };
		7B18DFF61C5BF66F005A2B8E /* MainMenu.xib in Resources */ = {isa = PBXBuildFile; fileRef = 7B18DFF41C5BF66F005A2B8E /* MainMenu.xib */; };
		7B18E0011C5BF66F005A2B8E /* BinarySearchTests.swift in Sources */ = {isa = PBXBuildFile; fileRef = 7B18E0001C5BF66F005A2B8E /* BinarySearchTests.swift */; };
		7B18E00C1C5BF6B2005A2B8E /* BinarySearch.swift in Sources */ = {isa = PBXBuildFile; fileRef = 7B18E00B1C5BF6B2005A2B8E /* BinarySearch.swift */; };
/* End PBXBuildFile section */

/* Begin PBXContainerItemProxy section */
		7B18DFFD1C5BF66F005A2B8E /* PBXContainerItemProxy */ = {
			isa = PBXContainerItemProxy;
			containerPortal = 7B18DFE51C5BF66F005A2B8E /* Project object */;
			proxyType = 1;
			remoteGlobalIDString = 7B18DFEC1C5BF66F005A2B8E;
			remoteInfo = BinarySearch;
		};
/* End PBXContainerItemProxy section */

/* Begin PBXFileReference section */
		7B18DFED1C5BF66F005A2B8E /* BinarySearch.app */ = {isa = PBXFileReference; explicitFileType = wrapper.application; includeInIndex = 0; path = BinarySearch.app; sourceTree = BUILT_PRODUCTS_DIR; };
		7B18DFF01C5BF66F005A2B8E /* AppDelegate.swift */ = {isa = PBXFileReference; lastKnownFileType = sourcecode.swift; path = AppDelegate.swift; sourceTree = "<group>"; };
		7B18DFF21C5BF66F005A2B8E /* Assets.xcassets */ = {isa = PBXFileReference; lastKnownFileType = folder.assetcatalog; path = Assets.xcassets; sourceTree = "<group>"; };
		7B18DFF51C5BF66F005A2B8E /* Base */ = {isa = PBXFileReference; lastKnownFileType = file.xib; name = Base; path = Base.lproj/MainMenu.xib; sourceTree = "<group>"; };
		7B18DFF71C5BF66F005A2B8E /* Info.plist */ = {isa = PBXFileReference; lastKnownFileType = text.plist.xml; path = Info.plist; sourceTree = "<group>"; };
		7B18DFFC1C5BF66F005A2B8E /* BinarySearchTests.xctest */ = {isa = PBXFileReference; explicitFileType = wrapper.cfbundle; includeInIndex = 0; path = BinarySearchTests.xctest; sourceTree = BUILT_PRODUCTS_DIR; };
		7B18E0001C5BF66F005A2B8E /* BinarySearchTests.swift */ = {isa = PBXFileReference; lastKnownFileType = sourcecode.swift; path = BinarySearchTests.swift; sourceTree = "<group>"; };
		7B18E0021C5BF66F005A2B8E /* Info.plist */ = {isa = PBXFileReference; lastKnownFileType = text.plist.xml; path = Info.plist; sourceTree = "<group>"; };
		7B18E00B1C5BF6B2005A2B8E /* BinarySearch.swift */ = {isa = PBXFileReference; fileEncoding = 4; lastKnownFileType = sourcecode.swift; name = BinarySearch.swift; path = ../../BinarySearch.swift; sourceTree = "<group>"; };
/* End PBXFileReference section */

/* Begin PBXFrameworksBuildPhase section */
		7B18DFEA1C5BF66F005A2B8E /* Frameworks */ = {
			isa = PBXFrameworksBuildPhase;
			buildActionMask = 2147483647;
			files = (
			);
			runOnlyForDeploymentPostprocessing = 0;
		};
		7B18DFF91C5BF66F005A2B8E /* Frameworks */ = {
			isa = PBXFrameworksBuildPhase;
			buildActionMask = 2147483647;
			files = (
			);
			runOnlyForDeploymentPostprocessing = 0;
		};
/* End PBXFrameworksBuildPhase section */

/* Begin PBXGroup section */
		7B18DFE41C5BF66F005A2B8E = {
			isa = PBXGroup;
			children = (
				7B18DFEF1C5BF66F005A2B8E /* BinarySearch */,
				7B18DFFF1C5BF66F005A2B8E /* BinarySearchTests */,
				7B18DFEE1C5BF66F005A2B8E /* Products */,
			);
			sourceTree = "<group>";
		};
		7B18DFEE1C5BF66F005A2B8E /* Products */ = {
			isa = PBXGroup;
			children = (
				7B18DFED1C5BF66F005A2B8E /* BinarySearch.app */,
				7B18DFFC1C5BF66F005A2B8E /* BinarySearchTests.xctest */,
			);
			name = Products;
			sourceTree = "<group>";
		};
		7B18DFEF1C5BF66F005A2B8E /* BinarySearch */ = {
			isa = PBXGroup;
			children = (
				7B18DFF01C5BF66F005A2B8E /* AppDelegate.swift */,
				7B18DFF21C5BF66F005A2B8E /* Assets.xcassets */,
				7B18E00B1C5BF6B2005A2B8E /* BinarySearch.swift */,
				7B18DFF71C5BF66F005A2B8E /* Info.plist */,
				7B18DFF41C5BF66F005A2B8E /* MainMenu.xib */,
			);
			path = BinarySearch;
			sourceTree = "<group>";
		};
		7B18DFFF1C5BF66F005A2B8E /* BinarySearchTests */ = {
			isa = PBXGroup;
			children = (
				7B18E0001C5BF66F005A2B8E /* BinarySearchTests.swift */,
				7B18E0021C5BF66F005A2B8E /* Info.plist */,
			);
			path = BinarySearchTests;
			sourceTree = "<group>";
		};
/* End PBXGroup section */

/* Begin PBXNativeTarget section */
		7B18DFEC1C5BF66F005A2B8E /* BinarySearch */ = {
			isa = PBXNativeTarget;
			buildConfigurationList = 7B18E0051C5BF66F005A2B8E /* Build configuration list for PBXNativeTarget "BinarySearch" */;
			buildPhases = (
				7B18DFE91C5BF66F005A2B8E /* Sources */,
				7B18DFEA1C5BF66F005A2B8E /* Frameworks */,
				7B18DFEB1C5BF66F005A2B8E /* Resources */,
			);
			buildRules = (
			);
			dependencies = (
			);
			name = BinarySearch;
			productName = BinarySearch;
			productReference = 7B18DFED1C5BF66F005A2B8E /* BinarySearch.app */;
			productType = "com.apple.product-type.application";
		};
		7B18DFFB1C5BF66F005A2B8E /* BinarySearchTests */ = {
			isa = PBXNativeTarget;
			buildConfigurationList = 7B18E0081C5BF66F005A2B8E /* Build configuration list for PBXNativeTarget "BinarySearchTests" */;
			buildPhases = (
				7B18DFF81C5BF66F005A2B8E /* Sources */,
				7B18DFF91C5BF66F005A2B8E /* Frameworks */,
				7B18DFFA1C5BF66F005A2B8E /* Resources */,
			);
			buildRules = (
			);
			dependencies = (
				7B18DFFE1C5BF66F005A2B8E /* PBXTargetDependency */,
			);
			name = BinarySearchTests;
			productName = BinarySearchTests;
			productReference = 7B18DFFC1C5BF66F005A2B8E /* BinarySearchTests.xctest */;
			productType = "com.apple.product-type.bundle.unit-test";
		};
/* End PBXNativeTarget section */

/* Begin PBXProject section */
		7B18DFE51C5BF66F005A2B8E /* Project object */ = {
			isa = PBXProject;
			attributes = {
				LastSwiftUpdateCheck = 0720;
				LastUpgradeCheck = 0720;
				ORGANIZATIONNAME = "Swift Algorithm Club";
				TargetAttributes = {
					7B18DFEC1C5BF66F005A2B8E = {
						CreatedOnToolsVersion = 7.2;
					};
					7B18DFFB1C5BF66F005A2B8E = {
						CreatedOnToolsVersion = 7.2;
						TestTargetID = 7B18DFEC1C5BF66F005A2B8E;
					};
				};
			};
			buildConfigurationList = 7B18DFE81C5BF66F005A2B8E /* Build configuration list for PBXProject "BinarySearch" */;
			compatibilityVersion = "Xcode 3.2";
			developmentRegion = English;
			hasScannedForEncodings = 0;
			knownRegions = (
				en,
				Base,
			);
			mainGroup = 7B18DFE41C5BF66F005A2B8E;
			productRefGroup = 7B18DFEE1C5BF66F005A2B8E /* Products */;
			projectDirPath = "";
			projectRoot = "";
			targets = (
				7B18DFEC1C5BF66F005A2B8E /* BinarySearch */,
				7B18DFFB1C5BF66F005A2B8E /* BinarySearchTests */,
			);
		};
/* End PBXProject section */

/* Begin PBXResourcesBuildPhase section */
		7B18DFEB1C5BF66F005A2B8E /* Resources */ = {
			isa = PBXResourcesBuildPhase;
			buildActionMask = 2147483647;
			files = (
				7B18DFF31C5BF66F005A2B8E /* Assets.xcassets in Resources */,
				7B18DFF61C5BF66F005A2B8E /* MainMenu.xib in Resources */,
			);
			runOnlyForDeploymentPostprocessing = 0;
		};
		7B18DFFA1C5BF66F005A2B8E /* Resources */ = {
			isa = PBXResourcesBuildPhase;
			buildActionMask = 2147483647;
			files = (
			);
			runOnlyForDeploymentPostprocessing = 0;
		};
/* End PBXResourcesBuildPhase section */

/* Begin PBXSourcesBuildPhase section */
		7B18DFE91C5BF66F005A2B8E /* Sources */ = {
			isa = PBXSourcesBuildPhase;
			buildActionMask = 2147483647;
			files = (
				7B18E00C1C5BF6B2005A2B8E /* BinarySearch.swift in Sources */,
				7B18DFF11C5BF66F005A2B8E /* AppDelegate.swift in Sources */,
			);
			runOnlyForDeploymentPostprocessing = 0;
		};
		7B18DFF81C5BF66F005A2B8E /* Sources */ = {
			isa = PBXSourcesBuildPhase;
			buildActionMask = 2147483647;
			files = (
				7B18E0011C5BF66F005A2B8E /* BinarySearchTests.swift in Sources */,
			);
			runOnlyForDeploymentPostprocessing = 0;
		};
/* End PBXSourcesBuildPhase section */

/* Begin PBXTargetDependency section */
		7B18DFFE1C5BF66F005A2B8E /* PBXTargetDependency */ = {
			isa = PBXTargetDependency;
			target = 7B18DFEC1C5BF66F005A2B8E /* BinarySearch */;
			targetProxy = 7B18DFFD1C5BF66F005A2B8E /* PBXContainerItemProxy */;
		};
/* End PBXTargetDependency section */

/* Begin PBXVariantGroup section */
		7B18DFF41C5BF66F005A2B8E /* MainMenu.xib */ = {
			isa = PBXVariantGroup;
			children = (
				7B18DFF51C5BF66F005A2B8E /* Base */,
			);
			name = MainMenu.xib;
			sourceTree = "<group>";
		};
/* End PBXVariantGroup section */

/* Begin XCBuildConfiguration section */
		7B18E0031C5BF66F005A2B8E /* Debug */ = {
			isa = XCBuildConfiguration;
			buildSettings = {
				ALWAYS_SEARCH_USER_PATHS = NO;
				CLANG_CXX_LANGUAGE_STANDARD = "gnu++0x";
				CLANG_CXX_LIBRARY = "libc++";
				CLANG_ENABLE_MODULES = YES;
				CLANG_ENABLE_OBJC_ARC = YES;
				CLANG_WARN_BOOL_CONVERSION = YES;
				CLANG_WARN_CONSTANT_CONVERSION = YES;
				CLANG_WARN_DIRECT_OBJC_ISA_USAGE = YES_ERROR;
				CLANG_WARN_EMPTY_BODY = YES;
				CLANG_WARN_ENUM_CONVERSION = YES;
				CLANG_WARN_INT_CONVERSION = YES;
				CLANG_WARN_OBJC_ROOT_CLASS = YES_ERROR;
				CLANG_WARN_UNREACHABLE_CODE = YES;
				CLANG_WARN__DUPLICATE_METHOD_MATCH = YES;
				CODE_SIGN_IDENTITY = "-";
				COPY_PHASE_STRIP = NO;
				DEBUG_INFORMATION_FORMAT = dwarf;
				ENABLE_STRICT_OBJC_MSGSEND = YES;
				ENABLE_TESTABILITY = YES;
				GCC_C_LANGUAGE_STANDARD = gnu99;
				GCC_DYNAMIC_NO_PIC = NO;
				GCC_NO_COMMON_BLOCKS = YES;
				GCC_OPTIMIZATION_LEVEL = 0;
				GCC_PREPROCESSOR_DEFINITIONS = (
					"DEBUG=1",
					"$(inherited)",
				);
				GCC_WARN_64_TO_32_BIT_CONVERSION = YES;
				GCC_WARN_ABOUT_RETURN_TYPE = YES_ERROR;
				GCC_WARN_UNDECLARED_SELECTOR = YES;
				GCC_WARN_UNINITIALIZED_AUTOS = YES_AGGRESSIVE;
				GCC_WARN_UNUSED_FUNCTION = YES;
				GCC_WARN_UNUSED_VARIABLE = YES;
				MACOSX_DEPLOYMENT_TARGET = 10.11;
				MTL_ENABLE_DEBUG_INFO = YES;
				ONLY_ACTIVE_ARCH = YES;
				SDKROOT = macosx;
				SWIFT_OPTIMIZATION_LEVEL = "-Onone";
			};
			name = Debug;
		};
		7B18E0041C5BF66F005A2B8E /* Release */ = {
			isa = XCBuildConfiguration;
			buildSettings = {
				ALWAYS_SEARCH_USER_PATHS = NO;
				CLANG_CXX_LANGUAGE_STANDARD = "gnu++0x";
				CLANG_CXX_LIBRARY = "libc++";
				CLANG_ENABLE_MODULES = YES;
				CLANG_ENABLE_OBJC_ARC = YES;
				CLANG_WARN_BOOL_CONVERSION = YES;
				CLANG_WARN_CONSTANT_CONVERSION = YES;
				CLANG_WARN_DIRECT_OBJC_ISA_USAGE = YES_ERROR;
				CLANG_WARN_EMPTY_BODY = YES;
				CLANG_WARN_ENUM_CONVERSION = YES;
				CLANG_WARN_INT_CONVERSION = YES;
				CLANG_WARN_OBJC_ROOT_CLASS = YES_ERROR;
				CLANG_WARN_UNREACHABLE_CODE = YES;
				CLANG_WARN__DUPLICATE_METHOD_MATCH = YES;
				CODE_SIGN_IDENTITY = "-";
				COPY_PHASE_STRIP = NO;
				DEBUG_INFORMATION_FORMAT = "dwarf-with-dsym";
				ENABLE_NS_ASSERTIONS = NO;
				ENABLE_STRICT_OBJC_MSGSEND = YES;
				GCC_C_LANGUAGE_STANDARD = gnu99;
				GCC_NO_COMMON_BLOCKS = YES;
				GCC_WARN_64_TO_32_BIT_CONVERSION = YES;
				GCC_WARN_ABOUT_RETURN_TYPE = YES_ERROR;
				GCC_WARN_UNDECLARED_SELECTOR = YES;
				GCC_WARN_UNINITIALIZED_AUTOS = YES_AGGRESSIVE;
				GCC_WARN_UNUSED_FUNCTION = YES;
				GCC_WARN_UNUSED_VARIABLE = YES;
				MACOSX_DEPLOYMENT_TARGET = 10.11;
				MTL_ENABLE_DEBUG_INFO = NO;
				SDKROOT = macosx;
			};
			name = Release;
		};
		7B18E0061C5BF66F005A2B8E /* Debug */ = {
			isa = XCBuildConfiguration;
			buildSettings = {
				ASSETCATALOG_COMPILER_APPICON_NAME = AppIcon;
				COMBINE_HIDPI_IMAGES = YES;
				INFOPLIST_FILE = BinarySearch/Info.plist;
				LD_RUNPATH_SEARCH_PATHS = "$(inherited) @executable_path/../Frameworks";
				PRODUCT_BUNDLE_IDENTIFIER = swift.algorithm.club.BinarySearch;
				PRODUCT_NAME = "$(TARGET_NAME)";
			};
			name = Debug;
		};
		7B18E0071C5BF66F005A2B8E /* Release */ = {
			isa = XCBuildConfiguration;
			buildSettings = {
				ASSETCATALOG_COMPILER_APPICON_NAME = AppIcon;
				COMBINE_HIDPI_IMAGES = YES;
				INFOPLIST_FILE = BinarySearch/Info.plist;
				LD_RUNPATH_SEARCH_PATHS = "$(inherited) @executable_path/../Frameworks";
				PRODUCT_BUNDLE_IDENTIFIER = swift.algorithm.club.BinarySearch;
				PRODUCT_NAME = "$(TARGET_NAME)";
			};
			name = Release;
		};
		7B18E0091C5BF66F005A2B8E /* Debug */ = {
			isa = XCBuildConfiguration;
			buildSettings = {
				BUNDLE_LOADER = "$(TEST_HOST)";
				COMBINE_HIDPI_IMAGES = YES;
				INFOPLIST_FILE = BinarySearchTests/Info.plist;
				LD_RUNPATH_SEARCH_PATHS = "$(inherited) @executable_path/../Frameworks @loader_path/../Frameworks";
				PRODUCT_BUNDLE_IDENTIFIER = swift.algorithm.club.BinarySearchTests;
				PRODUCT_NAME = "$(TARGET_NAME)";
				TEST_HOST = "$(BUILT_PRODUCTS_DIR)/BinarySearch.app/Contents/MacOS/BinarySearch";
			};
			name = Debug;
		};
		7B18E00A1C5BF66F005A2B8E /* Release */ = {
			isa = XCBuildConfiguration;
			buildSettings = {
				BUNDLE_LOADER = "$(TEST_HOST)";
				COMBINE_HIDPI_IMAGES = YES;
				INFOPLIST_FILE = BinarySearchTests/Info.plist;
				LD_RUNPATH_SEARCH_PATHS = "$(inherited) @executable_path/../Frameworks @loader_path/../Frameworks";
				PRODUCT_BUNDLE_IDENTIFIER = swift.algorithm.club.BinarySearchTests;
				PRODUCT_NAME = "$(TARGET_NAME)";
				TEST_HOST = "$(BUILT_PRODUCTS_DIR)/BinarySearch.app/Contents/MacOS/BinarySearch";
			};
			name = Release;
		};
/* End XCBuildConfiguration section */

/* Begin XCConfigurationList section */
		7B18DFE81C5BF66F005A2B8E /* Build configuration list for PBXProject "BinarySearch" */ = {
			isa = XCConfigurationList;
			buildConfigurations = (
				7B18E0031C5BF66F005A2B8E /* Debug */,
				7B18E0041C5BF66F005A2B8E /* Release */,
			);
			defaultConfigurationIsVisible = 0;
			defaultConfigurationName = Release;
		};
		7B18E0051C5BF66F005A2B8E /* Build configuration list for PBXNativeTarget "BinarySearch" */ = {
			isa = XCConfigurationList;
			buildConfigurations = (
				7B18E0061C5BF66F005A2B8E /* Debug */,
				7B18E0071C5BF66F005A2B8E /* Release */,
			);
			defaultConfigurationIsVisible = 0;
			defaultConfigurationName = Release;
		};
		7B18E0081C5BF66F005A2B8E /* Build configuration list for PBXNativeTarget "BinarySearchTests" */ = {
			isa = XCConfigurationList;
			buildConfigurations = (
				7B18E0091C5BF66F005A2B8E /* Debug */,
				7B18E00A1C5BF66F005A2B8E /* Release */,
			);
			defaultConfigurationIsVisible = 0;
			defaultConfigurationName = Release;
		};
/* End XCConfigurationList section */
	};
	rootObject = 7B18DFE51C5BF66F005A2B8E /* Project object */;
}
