// !$*UTF8*$!
{
	archiveVersion = 1;
	classes = {
	};
	objectVersion = 46;
	objects = {

/* Begin PBXBuildFile section */
		7B1BFA1A1C6914970051C9A4 /* AppDelegate.swift in Sources */ = {isa = PBXBuildFile; fileRef = 7B1BFA191C6914970051C9A4 /* AppDelegate.swift */; };
		7B1BFA1C1C6914970051C9A4 /* Assets.xcassets in Resources */ = {isa = PBXBuildFile; fileRef = 7B1BFA1B1C6914970051C9A4 /* Assets.xcassets */; };
		7B1BFA1F1C6914970051C9A4 /* MainMenu.xib in Resources */ = {isa = PBXBuildFile; fileRef = 7B1BFA1D1C6914970051C9A4 /* MainMenu.xib */; };
		7B1BFA2A1C6914970051C9A4 /* PriorityQueueTests.swift in Sources */ = {isa = PBXBuildFile; fileRef = 7B1BFA291C6914970051C9A4 /* PriorityQueueTests.swift */; };
		7B1BFA351C6914B60051C9A4 /* PriorityQueue.swift in Sources */ = {isa = PBXBuildFile; fileRef = 7B1BFA341C6914B60051C9A4 /* PriorityQueue.swift */; };
		7B1BFA371C6914C20051C9A4 /* Heap.swift in Sources */ = {isa = PBXBuildFile; fileRef = 7B1BFA361C6914C20051C9A4 /* Heap.swift */; };
/* End PBXBuildFile section */

/* Begin PBXContainerItemProxy section */
		7B1BFA261C6914970051C9A4 /* PBXContainerItemProxy */ = {
			isa = PBXContainerItemProxy;
			containerPortal = 7B1BFA0E1C6914970051C9A4 /* Project object */;
			proxyType = 1;
			remoteGlobalIDString = 7B1BFA151C6914970051C9A4;
			remoteInfo = PriorityQueue;
		};
/* End PBXContainerItemProxy section */

/* Begin PBXFileReference section */
		7B1BFA161C6914970051C9A4 /* PriorityQueue.app */ = {isa = PBXFileReference; explicitFileType = wrapper.application; includeInIndex = 0; path = PriorityQueue.app; sourceTree = BUILT_PRODUCTS_DIR; };
		7B1BFA191C6914970051C9A4 /* AppDelegate.swift */ = {isa = PBXFileReference; lastKnownFileType = sourcecode.swift; path = AppDelegate.swift; sourceTree = "<group>"; };
		7B1BFA1B1C6914970051C9A4 /* Assets.xcassets */ = {isa = PBXFileReference; lastKnownFileType = folder.assetcatalog; path = Assets.xcassets; sourceTree = "<group>"; };
		7B1BFA1E1C6914970051C9A4 /* Base */ = {isa = PBXFileReference; lastKnownFileType = file.xib; name = Base; path = Base.lproj/MainMenu.xib; sourceTree = "<group>"; };
		7B1BFA201C6914970051C9A4 /* Info.plist */ = {isa = PBXFileReference; lastKnownFileType = text.plist.xml; path = Info.plist; sourceTree = "<group>"; };
		7B1BFA251C6914970051C9A4 /* PriorityQueueTests.xctest */ = {isa = PBXFileReference; explicitFileType = wrapper.cfbundle; includeInIndex = 0; path = PriorityQueueTests.xctest; sourceTree = BUILT_PRODUCTS_DIR; };
		7B1BFA291C6914970051C9A4 /* PriorityQueueTests.swift */ = {isa = PBXFileReference; lastKnownFileType = sourcecode.swift; path = PriorityQueueTests.swift; sourceTree = "<group>"; };
		7B1BFA2B1C6914970051C9A4 /* Info.plist */ = {isa = PBXFileReference; lastKnownFileType = text.plist.xml; path = Info.plist; sourceTree = "<group>"; };
		7B1BFA341C6914B60051C9A4 /* PriorityQueue.swift */ = {isa = PBXFileReference; fileEncoding = 4; lastKnownFileType = sourcecode.swift; name = PriorityQueue.swift; path = ../../PriorityQueue.swift; sourceTree = "<group>"; };
		7B1BFA361C6914C20051C9A4 /* Heap.swift */ = {isa = PBXFileReference; fileEncoding = 4; lastKnownFileType = sourcecode.swift; name = Heap.swift; path = ../../../Heap/Heap.swift; sourceTree = "<group>"; };
/* End PBXFileReference section */

/* Begin PBXFrameworksBuildPhase section */
		7B1BFA131C6914970051C9A4 /* Frameworks */ = {
			isa = PBXFrameworksBuildPhase;
			buildActionMask = 2147483647;
			files = (
			);
			runOnlyForDeploymentPostprocessing = 0;
		};
		7B1BFA221C6914970051C9A4 /* Frameworks */ = {
			isa = PBXFrameworksBuildPhase;
			buildActionMask = 2147483647;
			files = (
			);
			runOnlyForDeploymentPostprocessing = 0;
		};
/* End PBXFrameworksBuildPhase section */

/* Begin PBXGroup section */
		7B1BFA0D1C6914970051C9A4 = {
			isa = PBXGroup;
			children = (
				7B1BFA181C6914970051C9A4 /* PriorityQueue */,
				7B1BFA281C6914970051C9A4 /* PriorityQueueTests */,
				7B1BFA171C6914970051C9A4 /* Products */,
			);
			sourceTree = "<group>";
		};
		7B1BFA171C6914970051C9A4 /* Products */ = {
			isa = PBXGroup;
			children = (
				7B1BFA161C6914970051C9A4 /* PriorityQueue.app */,
				7B1BFA251C6914970051C9A4 /* PriorityQueueTests.xctest */,
			);
			name = Products;
			sourceTree = "<group>";
		};
		7B1BFA181C6914970051C9A4 /* PriorityQueue */ = {
			isa = PBXGroup;
			children = (
				7B1BFA191C6914970051C9A4 /* AppDelegate.swift */,
				7B1BFA1B1C6914970051C9A4 /* Assets.xcassets */,
				7B1BFA361C6914C20051C9A4 /* Heap.swift */,
				7B1BFA201C6914970051C9A4 /* Info.plist */,
				7B1BFA1D1C6914970051C9A4 /* MainMenu.xib */,
				7B1BFA341C6914B60051C9A4 /* PriorityQueue.swift */,
			);
			path = PriorityQueue;
			sourceTree = "<group>";
		};
		7B1BFA281C6914970051C9A4 /* PriorityQueueTests */ = {
			isa = PBXGroup;
			children = (
				7B1BFA291C6914970051C9A4 /* PriorityQueueTests.swift */,
				7B1BFA2B1C6914970051C9A4 /* Info.plist */,
			);
			path = PriorityQueueTests;
			sourceTree = "<group>";
		};
/* End PBXGroup section */

/* Begin PBXNativeTarget section */
		7B1BFA151C6914970051C9A4 /* PriorityQueue */ = {
			isa = PBXNativeTarget;
			buildConfigurationList = 7B1BFA2E1C6914970051C9A4 /* Build configuration list for PBXNativeTarget "PriorityQueue" */;
			buildPhases = (
				7B1BFA121C6914970051C9A4 /* Sources */,
				7B1BFA131C6914970051C9A4 /* Frameworks */,
				7B1BFA141C6914970051C9A4 /* Resources */,
			);
			buildRules = (
			);
			dependencies = (
			);
			name = PriorityQueue;
			productName = PriorityQueue;
			productReference = 7B1BFA161C6914970051C9A4 /* PriorityQueue.app */;
			productType = "com.apple.product-type.application";
		};
		7B1BFA241C6914970051C9A4 /* PriorityQueueTests */ = {
			isa = PBXNativeTarget;
			buildConfigurationList = 7B1BFA311C6914970051C9A4 /* Build configuration list for PBXNativeTarget "PriorityQueueTests" */;
			buildPhases = (
				7B1BFA211C6914970051C9A4 /* Sources */,
				7B1BFA221C6914970051C9A4 /* Frameworks */,
				7B1BFA231C6914970051C9A4 /* Resources */,
			);
			buildRules = (
			);
			dependencies = (
				7B1BFA271C6914970051C9A4 /* PBXTargetDependency */,
			);
			name = PriorityQueueTests;
			productName = PriorityQueueTests;
			productReference = 7B1BFA251C6914970051C9A4 /* PriorityQueueTests.xctest */;
			productType = "com.apple.product-type.bundle.unit-test";
		};
/* End PBXNativeTarget section */

/* Begin PBXProject section */
		7B1BFA0E1C6914970051C9A4 /* Project object */ = {
			isa = PBXProject;
			attributes = {
				LastSwiftUpdateCheck = 0720;
				LastUpgradeCheck = 0720;
				ORGANIZATIONNAME = "Swift Algorithm Club";
				TargetAttributes = {
					7B1BFA151C6914970051C9A4 = {
						CreatedOnToolsVersion = 7.2;
					};
					7B1BFA241C6914970051C9A4 = {
						CreatedOnToolsVersion = 7.2;
						TestTargetID = 7B1BFA151C6914970051C9A4;
					};
				};
			};
			buildConfigurationList = 7B1BFA111C6914970051C9A4 /* Build configuration list for PBXProject "PriorityQueue" */;
			compatibilityVersion = "Xcode 3.2";
			developmentRegion = English;
			hasScannedForEncodings = 0;
			knownRegions = (
				en,
				Base,
			);
			mainGroup = 7B1BFA0D1C6914970051C9A4;
			productRefGroup = 7B1BFA171C6914970051C9A4 /* Products */;
			projectDirPath = "";
			projectRoot = "";
			targets = (
				7B1BFA151C6914970051C9A4 /* PriorityQueue */,
				7B1BFA241C6914970051C9A4 /* PriorityQueueTests */,
			);
		};
/* End PBXProject section */

/* Begin PBXResourcesBuildPhase section */
		7B1BFA141C6914970051C9A4 /* Resources */ = {
			isa = PBXResourcesBuildPhase;
			buildActionMask = 2147483647;
			files = (
				7B1BFA1C1C6914970051C9A4 /* Assets.xcassets in Resources */,
				7B1BFA1F1C6914970051C9A4 /* MainMenu.xib in Resources */,
			);
			runOnlyForDeploymentPostprocessing = 0;
		};
		7B1BFA231C6914970051C9A4 /* Resources */ = {
			isa = PBXResourcesBuildPhase;
			buildActionMask = 2147483647;
			files = (
			);
			runOnlyForDeploymentPostprocessing = 0;
		};
/* End PBXResourcesBuildPhase section */

/* Begin PBXSourcesBuildPhase section */
		7B1BFA121C6914970051C9A4 /* Sources */ = {
			isa = PBXSourcesBuildPhase;
			buildActionMask = 2147483647;
			files = (
				7B1BFA371C6914C20051C9A4 /* Heap.swift in Sources */,
				7B1BFA1A1C6914970051C9A4 /* AppDelegate.swift in Sources */,
				7B1BFA351C6914B60051C9A4 /* PriorityQueue.swift in Sources */,
			);
			runOnlyForDeploymentPostprocessing = 0;
		};
		7B1BFA211C6914970051C9A4 /* Sources */ = {
			isa = PBXSourcesBuildPhase;
			buildActionMask = 2147483647;
			files = (
				7B1BFA2A1C6914970051C9A4 /* PriorityQueueTests.swift in Sources */,
			);
			runOnlyForDeploymentPostprocessing = 0;
		};
/* End PBXSourcesBuildPhase section */

/* Begin PBXTargetDependency section */
		7B1BFA271C6914970051C9A4 /* PBXTargetDependency */ = {
			isa = PBXTargetDependency;
			target = 7B1BFA151C6914970051C9A4 /* PriorityQueue */;
			targetProxy = 7B1BFA261C6914970051C9A4 /* PBXContainerItemProxy */;
		};
/* End PBXTargetDependency section */

/* Begin PBXVariantGroup section */
		7B1BFA1D1C6914970051C9A4 /* MainMenu.xib */ = {
			isa = PBXVariantGroup;
			children = (
				7B1BFA1E1C6914970051C9A4 /* Base */,
			);
			name = MainMenu.xib;
			sourceTree = "<group>";
		};
/* End PBXVariantGroup section */

/* Begin XCBuildConfiguration section */
		7B1BFA2C1C6914970051C9A4 /* Debug */ = {
			isa = XCBuildConfiguration;
			buildSettings = {
				ALWAYS_SEARCH_USER_PATHS = NO;
				CLANG_CXX_LANGUAGE_STANDARD = "gnu++0x";
				CLANG_CXX_LIBRARY = "libc++";
				CLANG_ENABLE_MODULES = YES;
				CLANG_ENABLE_OBJC_ARC = YES;
				CLANG_WARN_BOOL_CONVERSION = YES;
				CLANG_WARN_CONSTANT_CONVERSION = YES;
				CLANG_WARN_DIRECT_OBJC_ISA_USAGE = YES_ERROR;
				CLANG_WARN_EMPTY_BODY = YES;
				CLANG_WARN_ENUM_CONVERSION = YES;
				CLANG_WARN_INT_CONVERSION = YES;
				CLANG_WARN_OBJC_ROOT_CLASS = YES_ERROR;
				CLANG_WARN_UNREACHABLE_CODE = YES;
				CLANG_WARN__DUPLICATE_METHOD_MATCH = YES;
				CODE_SIGN_IDENTITY = "-";
				COPY_PHASE_STRIP = NO;
				DEBUG_INFORMATION_FORMAT = dwarf;
				ENABLE_STRICT_OBJC_MSGSEND = YES;
				ENABLE_TESTABILITY = YES;
				GCC_C_LANGUAGE_STANDARD = gnu99;
				GCC_DYNAMIC_NO_PIC = NO;
				GCC_NO_COMMON_BLOCKS = YES;
				GCC_OPTIMIZATION_LEVEL = 0;
				GCC_PREPROCESSOR_DEFINITIONS = (
					"DEBUG=1",
					"$(inherited)",
				);
				GCC_WARN_64_TO_32_BIT_CONVERSION = YES;
				GCC_WARN_ABOUT_RETURN_TYPE = YES_ERROR;
				GCC_WARN_UNDECLARED_SELECTOR = YES;
				GCC_WARN_UNINITIALIZED_AUTOS = YES_AGGRESSIVE;
				GCC_WARN_UNUSED_FUNCTION = YES;
				GCC_WARN_UNUSED_VARIABLE = YES;
				MACOSX_DEPLOYMENT_TARGET = 10.11;
				MTL_ENABLE_DEBUG_INFO = YES;
				ONLY_ACTIVE_ARCH = YES;
				SDKROOT = macosx;
				SWIFT_OPTIMIZATION_LEVEL = "-Onone";
			};
			name = Debug;
		};
		7B1BFA2D1C6914970051C9A4 /* Release */ = {
			isa = XCBuildConfiguration;
			buildSettings = {
				ALWAYS_SEARCH_USER_PATHS = NO;
				CLANG_CXX_LANGUAGE_STANDARD = "gnu++0x";
				CLANG_CXX_LIBRARY = "libc++";
				CLANG_ENABLE_MODULES = YES;
				CLANG_ENABLE_OBJC_ARC = YES;
				CLANG_WARN_BOOL_CONVERSION = YES;
				CLANG_WARN_CONSTANT_CONVERSION = YES;
				CLANG_WARN_DIRECT_OBJC_ISA_USAGE = YES_ERROR;
				CLANG_WARN_EMPTY_BODY = YES;
				CLANG_WARN_ENUM_CONVERSION = YES;
				CLANG_WARN_INT_CONVERSION = YES;
				CLANG_WARN_OBJC_ROOT_CLASS = YES_ERROR;
				CLANG_WARN_UNREACHABLE_CODE = YES;
				CLANG_WARN__DUPLICATE_METHOD_MATCH = YES;
				CODE_SIGN_IDENTITY = "-";
				COPY_PHASE_STRIP = NO;
				DEBUG_INFORMATION_FORMAT = "dwarf-with-dsym";
				ENABLE_NS_ASSERTIONS = NO;
				ENABLE_STRICT_OBJC_MSGSEND = YES;
				GCC_C_LANGUAGE_STANDARD = gnu99;
				GCC_NO_COMMON_BLOCKS = YES;
				GCC_WARN_64_TO_32_BIT_CONVERSION = YES;
				GCC_WARN_ABOUT_RETURN_TYPE = YES_ERROR;
				GCC_WARN_UNDECLARED_SELECTOR = YES;
				GCC_WARN_UNINITIALIZED_AUTOS = YES_AGGRESSIVE;
				GCC_WARN_UNUSED_FUNCTION = YES;
				GCC_WARN_UNUSED_VARIABLE = YES;
				MACOSX_DEPLOYMENT_TARGET = 10.11;
				MTL_ENABLE_DEBUG_INFO = NO;
				SDKROOT = macosx;
			};
			name = Release;
		};
		7B1BFA2F1C6914970051C9A4 /* Debug */ = {
			isa = XCBuildConfiguration;
			buildSettings = {
				ASSETCATALOG_COMPILER_APPICON_NAME = AppIcon;
				COMBINE_HIDPI_IMAGES = YES;
				INFOPLIST_FILE = PriorityQueue/Info.plist;
				LD_RUNPATH_SEARCH_PATHS = "$(inherited) @executable_path/../Frameworks";
				PRODUCT_BUNDLE_IDENTIFIER = swift.algorithm.club.PriorityQueue;
				PRODUCT_NAME = "$(TARGET_NAME)";
			};
			name = Debug;
		};
		7B1BFA301C6914970051C9A4 /* Release */ = {
			isa = XCBuildConfiguration;
			buildSettings = {
				ASSETCATALOG_COMPILER_APPICON_NAME = AppIcon;
				COMBINE_HIDPI_IMAGES = YES;
				INFOPLIST_FILE = PriorityQueue/Info.plist;
				LD_RUNPATH_SEARCH_PATHS = "$(inherited) @executable_path/../Frameworks";
				PRODUCT_BUNDLE_IDENTIFIER = swift.algorithm.club.PriorityQueue;
				PRODUCT_NAME = "$(TARGET_NAME)";
			};
			name = Release;
		};
		7B1BFA321C6914970051C9A4 /* Debug */ = {
			isa = XCBuildConfiguration;
			buildSettings = {
				BUNDLE_LOADER = "$(TEST_HOST)";
				COMBINE_HIDPI_IMAGES = YES;
				INFOPLIST_FILE = PriorityQueueTests/Info.plist;
				LD_RUNPATH_SEARCH_PATHS = "$(inherited) @executable_path/../Frameworks @loader_path/../Frameworks";
				PRODUCT_BUNDLE_IDENTIFIER = swift.algorithm.club.PriorityQueueTests;
				PRODUCT_NAME = "$(TARGET_NAME)";
				TEST_HOST = "$(BUILT_PRODUCTS_DIR)/PriorityQueue.app/Contents/MacOS/PriorityQueue";
			};
			name = Debug;
		};
		7B1BFA331C6914970051C9A4 /* Release */ = {
			isa = XCBuildConfiguration;
			buildSettings = {
				BUNDLE_LOADER = "$(TEST_HOST)";
				COMBINE_HIDPI_IMAGES = YES;
				INFOPLIST_FILE = PriorityQueueTests/Info.plist;
				LD_RUNPATH_SEARCH_PATHS = "$(inherited) @executable_path/../Frameworks @loader_path/../Frameworks";
				PRODUCT_BUNDLE_IDENTIFIER = swift.algorithm.club.PriorityQueueTests;
				PRODUCT_NAME = "$(TARGET_NAME)";
				TEST_HOST = "$(BUILT_PRODUCTS_DIR)/PriorityQueue.app/Contents/MacOS/PriorityQueue";
			};
			name = Release;
		};
/* End XCBuildConfiguration section */

/* Begin XCConfigurationList section */
		7B1BFA111C6914970051C9A4 /* Build configuration list for PBXProject "PriorityQueue" */ = {
			isa = XCConfigurationList;
			buildConfigurations = (
				7B1BFA2C1C6914970051C9A4 /* Debug */,
				7B1BFA2D1C6914970051C9A4 /* Release */,
			);
			defaultConfigurationIsVisible = 0;
			defaultConfigurationName = Release;
		};
		7B1BFA2E1C6914970051C9A4 /* Build configuration list for PBXNativeTarget "PriorityQueue" */ = {
			isa = XCConfigurationList;
			buildConfigurations = (
				7B1BFA2F1C6914970051C9A4 /* Debug */,
				7B1BFA301C6914970051C9A4 /* Release */,
			);
			defaultConfigurationIsVisible = 0;
			defaultConfigurationName = Release;
		};
		7B1BFA311C6914970051C9A4 /* Build configuration list for PBXNativeTarget "PriorityQueueTests" */ = {
			isa = XCConfigurationList;
			buildConfigurations = (
				7B1BFA321C6914970051C9A4 /* Debug */,
				7B1BFA331C6914970051C9A4 /* Release */,
			);
			defaultConfigurationIsVisible = 0;
			defaultConfigurationName = Release;
		};
/* End XCConfigurationList section */
	};
	rootObject = 7B1BFA0E1C6914970051C9A4 /* Project object */;
}
