// !$*UTF8*$!
{
	archiveVersion = 1;
	classes = {
	};
	objectVersion = 46;
	objects = {

/* Begin PBXBuildFile section */
		7B1BF9F11C678D630051C9A4 /* AppDelegate.swift in Sources */ = {isa = PBXBuildFile; fileRef = 7B1BF9F01C678D630051C9A4 /* AppDelegate.swift */; };
		7B1BF9F31C678D630051C9A4 /* Assets.xcassets in Resources */ = {isa = PBXBuildFile; fileRef = 7B1BF9F21C678D630051C9A4 /* Assets.xcassets */; };
		7B1BF9F61C678D630051C9A4 /* MainMenu.xib in Resources */ = {isa = PBXBuildFile; fileRef = 7B1BF9F41C678D630051C9A4 /* MainMenu.xib */; };
		7B1BFA011C678D630051C9A4 /* BinarySearchTreeTests.swift in Sources */ = {isa = PBXBuildFile; fileRef = 7B1BFA001C678D630051C9A4 /* BinarySearchTreeTests.swift */; };
		7B1BFA0C1C678D820051C9A4 /* BinarySearchTree.swift in Sources */ = {isa = PBXBuildFile; fileRef = 7B1BFA0B1C678D820051C9A4 /* BinarySearchTree.swift */; };
/* End PBXBuildFile section */

/* Begin PBXContainerItemProxy section */
		7B1BF9FD1C678D630051C9A4 /* PBXContainerItemProxy */ = {
			isa = PBXContainerItemProxy;
			containerPortal = 7B1BF9E51C678D630051C9A4 /* Project object */;
			proxyType = 1;
			remoteGlobalIDString = 7B1BF9EC1C678D630051C9A4;
			remoteInfo = BinarySearchTree;
		};
/* End PBXContainerItemProxy section */

/* Begin PBXFileReference section */
		7B1BF9ED1C678D630051C9A4 /* BinarySearchTree.app */ = {isa = PBXFileReference; explicitFileType = wrapper.application; includeInIndex = 0; path = BinarySearchTree.app; sourceTree = BUILT_PRODUCTS_DIR; };
		7B1BF9F01C678D630051C9A4 /* AppDelegate.swift */ = {isa = PBXFileReference; lastKnownFileType = sourcecode.swift; path = AppDelegate.swift; sourceTree = "<group>"; };
		7B1BF9F21C678D630051C9A4 /* Assets.xcassets */ = {isa = PBXFileReference; lastKnownFileType = folder.assetcatalog; path = Assets.xcassets; sourceTree = "<group>"; };
		7B1BF9F51C678D630051C9A4 /* Base */ = {isa = PBXFileReference; lastKnownFileType = file.xib; name = Base; path = Base.lproj/MainMenu.xib; sourceTree = "<group>"; };
		7B1BF9F71C678D630051C9A4 /* Info.plist */ = {isa = PBXFileReference; lastKnownFileType = text.plist.xml; path = Info.plist; sourceTree = "<group>"; };
		7B1BF9FC1C678D630051C9A4 /* BinarySearchTreeTests.xctest */ = {isa = PBXFileReference; explicitFileType = wrapper.cfbundle; includeInIndex = 0; path = BinarySearchTreeTests.xctest; sourceTree = BUILT_PRODUCTS_DIR; };
		7B1BFA001C678D630051C9A4 /* BinarySearchTreeTests.swift */ = {isa = PBXFileReference; lastKnownFileType = sourcecode.swift; path = BinarySearchTreeTests.swift; sourceTree = "<group>"; };
		7B1BFA021C678D630051C9A4 /* Info.plist */ = {isa = PBXFileReference; lastKnownFileType = text.plist.xml; path = Info.plist; sourceTree = "<group>"; };
		7B1BFA0B1C678D820051C9A4 /* BinarySearchTree.swift */ = {isa = PBXFileReference; fileEncoding = 4; lastKnownFileType = sourcecode.swift; name = BinarySearchTree.swift; path = ../../BinarySearchTree.swift; sourceTree = "<group>"; };
/* End PBXFileReference section */

/* Begin PBXFrameworksBuildPhase section */
		7B1BF9EA1C678D630051C9A4 /* Frameworks */ = {
			isa = PBXFrameworksBuildPhase;
			buildActionMask = 2147483647;
			files = (
			);
			runOnlyForDeploymentPostprocessing = 0;
		};
		7B1BF9F91C678D630051C9A4 /* Frameworks */ = {
			isa = PBXFrameworksBuildPhase;
			buildActionMask = 2147483647;
			files = (
			);
			runOnlyForDeploymentPostprocessing = 0;
		};
/* End PBXFrameworksBuildPhase section */

/* Begin PBXGroup section */
		7B1BF9E41C678D630051C9A4 = {
			isa = PBXGroup;
			children = (
				7B1BF9EF1C678D630051C9A4 /* BinarySearchTree */,
				7B1BF9FF1C678D630051C9A4 /* BinarySearchTreeTests */,
				7B1BF9EE1C678D630051C9A4 /* Products */,
			);
			sourceTree = "<group>";
		};
		7B1BF9EE1C678D630051C9A4 /* Products */ = {
			isa = PBXGroup;
			children = (
				7B1BF9ED1C678D630051C9A4 /* BinarySearchTree.app */,
				7B1BF9FC1C678D630051C9A4 /* BinarySearchTreeTests.xctest */,
			);
			name = Products;
			sourceTree = "<group>";
		};
		7B1BF9EF1C678D630051C9A4 /* BinarySearchTree */ = {
			isa = PBXGroup;
			children = (
				7B1BF9F01C678D630051C9A4 /* AppDelegate.swift */,
				7B1BF9F21C678D630051C9A4 /* Assets.xcassets */,
				7B1BFA0B1C678D820051C9A4 /* BinarySearchTree.swift */,
				7B1BF9F71C678D630051C9A4 /* Info.plist */,
				7B1BF9F41C678D630051C9A4 /* MainMenu.xib */,
			);
			path = BinarySearchTree;
			sourceTree = "<group>";
		};
		7B1BF9FF1C678D630051C9A4 /* BinarySearchTreeTests */ = {
			isa = PBXGroup;
			children = (
				7B1BFA001C678D630051C9A4 /* BinarySearchTreeTests.swift */,
				7B1BFA021C678D630051C9A4 /* Info.plist */,
			);
			path = BinarySearchTreeTests;
			sourceTree = "<group>";
		};
/* End PBXGroup section */

/* Begin PBXNativeTarget section */
		7B1BF9EC1C678D630051C9A4 /* BinarySearchTree */ = {
			isa = PBXNativeTarget;
			buildConfigurationList = 7B1BFA051C678D630051C9A4 /* Build configuration list for PBXNativeTarget "BinarySearchTree" */;
			buildPhases = (
				7B1BF9E91C678D630051C9A4 /* Sources */,
				7B1BF9EA1C678D630051C9A4 /* Frameworks */,
				7B1BF9EB1C678D630051C9A4 /* Resources */,
			);
			buildRules = (
			);
			dependencies = (
			);
			name = BinarySearchTree;
			productName = BinarySearchTree;
			productReference = 7B1BF9ED1C678D630051C9A4 /* BinarySearchTree.app */;
			productType = "com.apple.product-type.application";
		};
		7B1BF9FB1C678D630051C9A4 /* BinarySearchTreeTests */ = {
			isa = PBXNativeTarget;
			buildConfigurationList = 7B1BFA081C678D630051C9A4 /* Build configuration list for PBXNativeTarget "BinarySearchTreeTests" */;
			buildPhases = (
				7B1BF9F81C678D630051C9A4 /* Sources */,
				7B1BF9F91C678D630051C9A4 /* Frameworks */,
				7B1BF9FA1C678D630051C9A4 /* Resources */,
			);
			buildRules = (
			);
			dependencies = (
				7B1BF9FE1C678D630051C9A4 /* PBXTargetDependency */,
			);
			name = BinarySearchTreeTests;
			productName = BinarySearchTreeTests;
			productReference = 7B1BF9FC1C678D630051C9A4 /* BinarySearchTreeTests.xctest */;
			productType = "com.apple.product-type.bundle.unit-test";
		};
/* End PBXNativeTarget section */

/* Begin PBXProject section */
		7B1BF9E51C678D630051C9A4 /* Project object */ = {
			isa = PBXProject;
			attributes = {
				LastSwiftUpdateCheck = 0720;
				LastUpgradeCheck = 0720;
				ORGANIZATIONNAME = "Swift Algorithm Club";
				TargetAttributes = {
					7B1BF9EC1C678D630051C9A4 = {
						CreatedOnToolsVersion = 7.2;
					};
					7B1BF9FB1C678D630051C9A4 = {
						CreatedOnToolsVersion = 7.2;
						TestTargetID = 7B1BF9EC1C678D630051C9A4;
					};
				};
			};
			buildConfigurationList = 7B1BF9E81C678D630051C9A4 /* Build configuration list for PBXProject "BinarySearchTree" */;
			compatibilityVersion = "Xcode 3.2";
			developmentRegion = English;
			hasScannedForEncodings = 0;
			knownRegions = (
				en,
				Base,
			);
			mainGroup = 7B1BF9E41C678D630051C9A4;
			productRefGroup = 7B1BF9EE1C678D630051C9A4 /* Products */;
			projectDirPath = "";
			projectRoot = "";
			targets = (
				7B1BF9EC1C678D630051C9A4 /* BinarySearchTree */,
				7B1BF9FB1C678D630051C9A4 /* BinarySearchTreeTests */,
			);
		};
/* End PBXProject section */

/* Begin PBXResourcesBuildPhase section */
		7B1BF9EB1C678D630051C9A4 /* Resources */ = {
			isa = PBXResourcesBuildPhase;
			buildActionMask = 2147483647;
			files = (
				7B1BF9F31C678D630051C9A4 /* Assets.xcassets in Resources */,
				7B1BF9F61C678D630051C9A4 /* MainMenu.xib in Resources */,
			);
			runOnlyForDeploymentPostprocessing = 0;
		};
		7B1BF9FA1C678D630051C9A4 /* Resources */ = {
			isa = PBXResourcesBuildPhase;
			buildActionMask = 2147483647;
			files = (
			);
			runOnlyForDeploymentPostprocessing = 0;
		};
/* End PBXResourcesBuildPhase section */

/* Begin PBXSourcesBuildPhase section */
		7B1BF9E91C678D630051C9A4 /* Sources */ = {
			isa = PBXSourcesBuildPhase;
			buildActionMask = 2147483647;
			files = (
				7B1BFA0C1C678D820051C9A4 /* BinarySearchTree.swift in Sources */,
				7B1BF9F11C678D630051C9A4 /* AppDelegate.swift in Sources */,
			);
			runOnlyForDeploymentPostprocessing = 0;
		};
		7B1BF9F81C678D630051C9A4 /* Sources */ = {
			isa = PBXSourcesBuildPhase;
			buildActionMask = 2147483647;
			files = (
				7B1BFA011C678D630051C9A4 /* BinarySearchTreeTests.swift in Sources */,
			);
			runOnlyForDeploymentPostprocessing = 0;
		};
/* End PBXSourcesBuildPhase section */

/* Begin PBXTargetDependency section */
		7B1BF9FE1C678D630051C9A4 /* PBXTargetDependency */ = {
			isa = PBXTargetDependency;
			target = 7B1BF9EC1C678D630051C9A4 /* BinarySearchTree */;
			targetProxy = 7B1BF9FD1C678D630051C9A4 /* PBXContainerItemProxy */;
		};
/* End PBXTargetDependency section */

/* Begin PBXVariantGroup section */
		7B1BF9F41C678D630051C9A4 /* MainMenu.xib */ = {
			isa = PBXVariantGroup;
			children = (
				7B1BF9F51C678D630051C9A4 /* Base */,
			);
			name = MainMenu.xib;
			sourceTree = "<group>";
		};
/* End PBXVariantGroup section */

/* Begin XCBuildConfiguration section */
		7B1BFA031C678D630051C9A4 /* Debug */ = {
			isa = XCBuildConfiguration;
			buildSettings = {
				ALWAYS_SEARCH_USER_PATHS = NO;
				CLANG_CXX_LANGUAGE_STANDARD = "gnu++0x";
				CLANG_CXX_LIBRARY = "libc++";
				CLANG_ENABLE_MODULES = YES;
				CLANG_ENABLE_OBJC_ARC = YES;
				CLANG_WARN_BOOL_CONVERSION = YES;
				CLANG_WARN_CONSTANT_CONVERSION = YES;
				CLANG_WARN_DIRECT_OBJC_ISA_USAGE = YES_ERROR;
				CLANG_WARN_EMPTY_BODY = YES;
				CLANG_WARN_ENUM_CONVERSION = YES;
				CLANG_WARN_INT_CONVERSION = YES;
				CLANG_WARN_OBJC_ROOT_CLASS = YES_ERROR;
				CLANG_WARN_UNREACHABLE_CODE = YES;
				CLANG_WARN__DUPLICATE_METHOD_MATCH = YES;
				CODE_SIGN_IDENTITY = "-";
				COPY_PHASE_STRIP = NO;
				DEBUG_INFORMATION_FORMAT = dwarf;
				ENABLE_STRICT_OBJC_MSGSEND = YES;
				ENABLE_TESTABILITY = YES;
				GCC_C_LANGUAGE_STANDARD = gnu99;
				GCC_DYNAMIC_NO_PIC = NO;
				GCC_NO_COMMON_BLOCKS = YES;
				GCC_OPTIMIZATION_LEVEL = 0;
				GCC_PREPROCESSOR_DEFINITIONS = (
					"DEBUG=1",
					"$(inherited)",
				);
				GCC_WARN_64_TO_32_BIT_CONVERSION = YES;
				GCC_WARN_ABOUT_RETURN_TYPE = YES_ERROR;
				GCC_WARN_UNDECLARED_SELECTOR = YES;
				GCC_WARN_UNINITIALIZED_AUTOS = YES_AGGRESSIVE;
				GCC_WARN_UNUSED_FUNCTION = YES;
				GCC_WARN_UNUSED_VARIABLE = YES;
				MACOSX_DEPLOYMENT_TARGET = 10.11;
				MTL_ENABLE_DEBUG_INFO = YES;
				ONLY_ACTIVE_ARCH = YES;
				SDKROOT = macosx;
				SWIFT_OPTIMIZATION_LEVEL = "-Onone";
			};
			name = Debug;
		};
		7B1BFA041C678D630051C9A4 /* Release */ = {
			isa = XCBuildConfiguration;
			buildSettings = {
				ALWAYS_SEARCH_USER_PATHS = NO;
				CLANG_CXX_LANGUAGE_STANDARD = "gnu++0x";
				CLANG_CXX_LIBRARY = "libc++";
				CLANG_ENABLE_MODULES = YES;
				CLANG_ENABLE_OBJC_ARC = YES;
				CLANG_WARN_BOOL_CONVERSION = YES;
				CLANG_WARN_CONSTANT_CONVERSION = YES;
				CLANG_WARN_DIRECT_OBJC_ISA_USAGE = YES_ERROR;
				CLANG_WARN_EMPTY_BODY = YES;
				CLANG_WARN_ENUM_CONVERSION = YES;
				CLANG_WARN_INT_CONVERSION = YES;
				CLANG_WARN_OBJC_ROOT_CLASS = YES_ERROR;
				CLANG_WARN_UNREACHABLE_CODE = YES;
				CLANG_WARN__DUPLICATE_METHOD_MATCH = YES;
				CODE_SIGN_IDENTITY = "-";
				COPY_PHASE_STRIP = NO;
				DEBUG_INFORMATION_FORMAT = "dwarf-with-dsym";
				ENABLE_NS_ASSERTIONS = NO;
				ENABLE_STRICT_OBJC_MSGSEND = YES;
				GCC_C_LANGUAGE_STANDARD = gnu99;
				GCC_NO_COMMON_BLOCKS = YES;
				GCC_WARN_64_TO_32_BIT_CONVERSION = YES;
				GCC_WARN_ABOUT_RETURN_TYPE = YES_ERROR;
				GCC_WARN_UNDECLARED_SELECTOR = YES;
				GCC_WARN_UNINITIALIZED_AUTOS = YES_AGGRESSIVE;
				GCC_WARN_UNUSED_FUNCTION = YES;
				GCC_WARN_UNUSED_VARIABLE = YES;
				MACOSX_DEPLOYMENT_TARGET = 10.11;
				MTL_ENABLE_DEBUG_INFO = NO;
				SDKROOT = macosx;
			};
			name = Release;
		};
		7B1BFA061C678D630051C9A4 /* Debug */ = {
			isa = XCBuildConfiguration;
			buildSettings = {
				ASSETCATALOG_COMPILER_APPICON_NAME = AppIcon;
				COMBINE_HIDPI_IMAGES = YES;
				INFOPLIST_FILE = BinarySearchTree/Info.plist;
				LD_RUNPATH_SEARCH_PATHS = "$(inherited) @executable_path/../Frameworks";
				PRODUCT_BUNDLE_IDENTIFIER = swift.algorithm.club.BinarySearchTree;
				PRODUCT_NAME = "$(TARGET_NAME)";
			};
			name = Debug;
		};
		7B1BFA071C678D630051C9A4 /* Release */ = {
			isa = XCBuildConfiguration;
			buildSettings = {
				ASSETCATALOG_COMPILER_APPICON_NAME = AppIcon;
				COMBINE_HIDPI_IMAGES = YES;
				INFOPLIST_FILE = BinarySearchTree/Info.plist;
				LD_RUNPATH_SEARCH_PATHS = "$(inherited) @executable_path/../Frameworks";
				PRODUCT_BUNDLE_IDENTIFIER = swift.algorithm.club.BinarySearchTree;
				PRODUCT_NAME = "$(TARGET_NAME)";
			};
			name = Release;
		};
		7B1BFA091C678D630051C9A4 /* Debug */ = {
			isa = XCBuildConfiguration;
			buildSettings = {
				BUNDLE_LOADER = "$(TEST_HOST)";
				COMBINE_HIDPI_IMAGES = YES;
				INFOPLIST_FILE = BinarySearchTreeTests/Info.plist;
				LD_RUNPATH_SEARCH_PATHS = "$(inherited) @executable_path/../Frameworks @loader_path/../Frameworks";
				PRODUCT_BUNDLE_IDENTIFIER = swift.algorithm.club.BinarySearchTreeTests;
				PRODUCT_NAME = "$(TARGET_NAME)";
				TEST_HOST = "$(BUILT_PRODUCTS_DIR)/BinarySearchTree.app/Contents/MacOS/BinarySearchTree";
			};
			name = Debug;
		};
		7B1BFA0A1C678D630051C9A4 /* Release */ = {
			isa = XCBuildConfiguration;
			buildSettings = {
				BUNDLE_LOADER = "$(TEST_HOST)";
				COMBINE_HIDPI_IMAGES = YES;
				INFOPLIST_FILE = BinarySearchTreeTests/Info.plist;
				LD_RUNPATH_SEARCH_PATHS = "$(inherited) @executable_path/../Frameworks @loader_path/../Frameworks";
				PRODUCT_BUNDLE_IDENTIFIER = swift.algorithm.club.BinarySearchTreeTests;
				PRODUCT_NAME = "$(TARGET_NAME)";
				TEST_HOST = "$(BUILT_PRODUCTS_DIR)/BinarySearchTree.app/Contents/MacOS/BinarySearchTree";
			};
			name = Release;
		};
/* End XCBuildConfiguration section */

/* Begin XCConfigurationList section */
		7B1BF9E81C678D630051C9A4 /* Build configuration list for PBXProject "BinarySearchTree" */ = {
			isa = XCConfigurationList;
			buildConfigurations = (
				7B1BFA031C678D630051C9A4 /* Debug */,
				7B1BFA041C678D630051C9A4 /* Release */,
			);
			defaultConfigurationIsVisible = 0;
			defaultConfigurationName = Release;
		};
		7B1BFA051C678D630051C9A4 /* Build configuration list for PBXNativeTarget "BinarySearchTree" */ = {
			isa = XCConfigurationList;
			buildConfigurations = (
				7B1BFA061C678D630051C9A4 /* Debug */,
				7B1BFA071C678D630051C9A4 /* Release */,
			);
			defaultConfigurationIsVisible = 0;
			defaultConfigurationName = Release;
		};
		7B1BFA081C678D630051C9A4 /* Build configuration list for PBXNativeTarget "BinarySearchTreeTests" */ = {
			isa = XCConfigurationList;
			buildConfigurations = (
				7B1BFA091C678D630051C9A4 /* Debug */,
				7B1BFA0A1C678D630051C9A4 /* Release */,
			);
			defaultConfigurationIsVisible = 0;
			defaultConfigurationName = Release;
		};
/* End XCConfigurationList section */
	};
	rootObject = 7B1BF9E51C678D630051C9A4 /* Project object */;
}
