// !$*UTF8*$!
{
	archiveVersion = 1;
	classes = {
	};
	objectVersion = 46;
	objects = {

/* Begin PBXBuildFile section */
		7B18E0E11C5E5A27005A2B8E /* SinglyLinkedList.swift in Sources */ = {isa = PBXBuildFile; fileRef = 7B18E0E01C5E5A27005A2B8E /* SinglyLinkedList.swift */; };
		E63E399B1C5D1963005F7332 /* AppDelegate.swift in Sources */ = {isa = PBXBuildFile; fileRef = E63E399A1C5D1963005F7332 /* AppDelegate.swift */; };
		E63E399D1C5D1963005F7332 /* Assets.xcassets in Resources */ = {isa = PBXBuildFile; fileRef = E63E399C1C5D1963005F7332 /* Assets.xcassets */; };
		E63E39A01C5D1963005F7332 /* MainMenu.xib in Resources */ = {isa = PBXBuildFile; fileRef = E63E399E1C5D1963005F7332 /* MainMenu.xib */; };
		E63E39AB1C5D1963005F7332 /* LinkedListTests.swift in Sources */ = {isa = PBXBuildFile; fileRef = E63E39AA1C5D1963005F7332 /* LinkedListTests.swift */; };
/* End PBXBuildFile section */

/* Begin PBXContainerItemProxy section */
		E63E39A71C5D1963005F7332 /* PBXContainerItemProxy */ = {
			isa = PBXContainerItemProxy;
			containerPortal = E63E398F1C5D1963005F7332 /* Project object */;
			proxyType = 1;
			remoteGlobalIDString = E63E39961C5D1963005F7332;
			remoteInfo = LinkedListTests;
		};
/* End PBXContainerItemProxy section */

/* Begin PBXFileReference section */
		7B18E0E01C5E5A27005A2B8E /* SinglyLinkedList.swift */ = {isa = PBXFileReference; fileEncoding = 4; lastKnownFileType = sourcecode.swift; name = SinglyLinkedList.swift; path = ../../SinglyLinkedList.swift; sourceTree = "<group>"; };
		E63E39971C5D1963005F7332 /* LinkedListTests.app */ = {isa = PBXFileReference; explicitFileType = wrapper.application; includeInIndex = 0; path = LinkedListTests.app; sourceTree = BUILT_PRODUCTS_DIR; };
		E63E399A1C5D1963005F7332 /* AppDelegate.swift */ = {isa = PBXFileReference; lastKnownFileType = sourcecode.swift; path = AppDelegate.swift; sourceTree = "<group>"; };
		E63E399C1C5D1963005F7332 /* Assets.xcassets */ = {isa = PBXFileReference; lastKnownFileType = folder.assetcatalog; path = Assets.xcassets; sourceTree = "<group>"; };
		E63E399F1C5D1963005F7332 /* Base */ = {isa = PBXFileReference; lastKnownFileType = file.xib; name = Base; path = Base.lproj/MainMenu.xib; sourceTree = "<group>"; };
		E63E39A11C5D1963005F7332 /* Info.plist */ = {isa = PBXFileReference; lastKnownFileType = text.plist.xml; path = Info.plist; sourceTree = "<group>"; };
		E63E39A61C5D1963005F7332 /* LinkedListTestsTests.xctest */ = {isa = PBXFileReference; explicitFileType = wrapper.cfbundle; includeInIndex = 0; path = LinkedListTestsTests.xctest; sourceTree = BUILT_PRODUCTS_DIR; };
		E63E39AA1C5D1963005F7332 /* LinkedListTests.swift */ = {isa = PBXFileReference; lastKnownFileType = sourcecode.swift; path = LinkedListTests.swift; sourceTree = "<group>"; };
		E63E39AC1C5D1963005F7332 /* Info.plist */ = {isa = PBXFileReference; lastKnownFileType = text.plist.xml; path = Info.plist; sourceTree = "<group>"; };
/* End PBXFileReference section */

/* Begin PBXFrameworksBuildPhase section */
		E63E39941C5D1963005F7332 /* Frameworks */ = {
			isa = PBXFrameworksBuildPhase;
			buildActionMask = 2147483647;
			files = (
			);
			runOnlyForDeploymentPostprocessing = 0;
		};
		E63E39A31C5D1963005F7332 /* Frameworks */ = {
			isa = PBXFrameworksBuildPhase;
			buildActionMask = 2147483647;
			files = (
			);
			runOnlyForDeploymentPostprocessing = 0;
		};
/* End PBXFrameworksBuildPhase section */

/* Begin PBXGroup section */
		E63E398E1C5D1963005F7332 = {
			isa = PBXGroup;
			children = (
				E63E39991C5D1963005F7332 /* LinkedListTests */,
				E63E39A91C5D1963005F7332 /* LinkedListTestsTests */,
				E63E39981C5D1963005F7332 /* Products */,
			);
			sourceTree = "<group>";
		};
		E63E39981C5D1963005F7332 /* Products */ = {
			isa = PBXGroup;
			children = (
				E63E39971C5D1963005F7332 /* LinkedListTests.app */,
				E63E39A61C5D1963005F7332 /* LinkedListTestsTests.xctest */,
			);
			name = Products;
			sourceTree = "<group>";
		};
		E63E39991C5D1963005F7332 /* LinkedListTests */ = {
			isa = PBXGroup;
			children = (
				E63E399A1C5D1963005F7332 /* AppDelegate.swift */,
				E63E399C1C5D1963005F7332 /* Assets.xcassets */,
				E63E39A11C5D1963005F7332 /* Info.plist */,
				E63E399E1C5D1963005F7332 /* MainMenu.xib */,
				7B18E0E01C5E5A27005A2B8E /* SinglyLinkedList.swift */,
			);
			path = LinkedListTests;
			sourceTree = "<group>";
		};
		E63E39A91C5D1963005F7332 /* LinkedListTestsTests */ = {
			isa = PBXGroup;
			children = (
				E63E39AA1C5D1963005F7332 /* LinkedListTests.swift */,
				E63E39AC1C5D1963005F7332 /* Info.plist */,
			);
			path = LinkedListTestsTests;
			sourceTree = "<group>";
		};
/* End PBXGroup section */

/* Begin PBXNativeTarget section */
		E63E39961C5D1963005F7332 /* LinkedListTests */ = {
			isa = PBXNativeTarget;
			buildConfigurationList = E63E39AF1C5D1963005F7332 /* Build configuration list for PBXNativeTarget "LinkedListTests" */;
			buildPhases = (
				E63E39931C5D1963005F7332 /* Sources */,
				E63E39941C5D1963005F7332 /* Frameworks */,
				E63E39951C5D1963005F7332 /* Resources */,
			);
			buildRules = (
			);
			dependencies = (
			);
			name = LinkedListTests;
			productName = LinkedListTests;
			productReference = E63E39971C5D1963005F7332 /* LinkedListTests.app */;
			productType = "com.apple.product-type.application";
		};
		E63E39A51C5D1963005F7332 /* LinkedListTestsTests */ = {
			isa = PBXNativeTarget;
			buildConfigurationList = E63E39B21C5D1963005F7332 /* Build configuration list for PBXNativeTarget "LinkedListTestsTests" */;
			buildPhases = (
				E63E39A21C5D1963005F7332 /* Sources */,
				E63E39A31C5D1963005F7332 /* Frameworks */,
				E63E39A41C5D1963005F7332 /* Resources */,
			);
			buildRules = (
			);
			dependencies = (
				E63E39A81C5D1963005F7332 /* PBXTargetDependency */,
			);
			name = LinkedListTestsTests;
			productName = LinkedListTestsTests;
			productReference = E63E39A61C5D1963005F7332 /* LinkedListTestsTests.xctest */;
			productType = "com.apple.product-type.bundle.unit-test";
		};
/* End PBXNativeTarget section */

/* Begin PBXProject section */
		E63E398F1C5D1963005F7332 /* Project object */ = {
			isa = PBXProject;
			attributes = {
				LastSwiftUpdateCheck = 0720;
				LastUpgradeCheck = 0720;
				ORGANIZATIONNAME = "Mac Bellingrath";
				TargetAttributes = {
					E63E39961C5D1963005F7332 = {
						CreatedOnToolsVersion = 7.2;
					};
					E63E39A51C5D1963005F7332 = {
						CreatedOnToolsVersion = 7.2;
						TestTargetID = E63E39961C5D1963005F7332;
					};
				};
			};
			buildConfigurationList = E63E39921C5D1963005F7332 /* Build configuration list for PBXProject "LinkedListTests" */;
			compatibilityVersion = "Xcode 3.2";
			developmentRegion = English;
			hasScannedForEncodings = 0;
			knownRegions = (
				en,
				Base,
			);
			mainGroup = E63E398E1C5D1963005F7332;
			productRefGroup = E63E39981C5D1963005F7332 /* Products */;
			projectDirPath = "";
			projectRoot = "";
			targets = (
				E63E39961C5D1963005F7332 /* LinkedListTests */,
				E63E39A51C5D1963005F7332 /* LinkedListTestsTests */,
			);
		};
/* End PBXProject section */

/* Begin PBXResourcesBuildPhase section */
		E63E39951C5D1963005F7332 /* Resources */ = {
			isa = PBXResourcesBuildPhase;
			buildActionMask = 2147483647;
			files = (
				E63E399D1C5D1963005F7332 /* Assets.xcassets in Resources */,
				E63E39A01C5D1963005F7332 /* MainMenu.xib in Resources */,
			);
			runOnlyForDeploymentPostprocessing = 0;
		};
		E63E39A41C5D1963005F7332 /* Resources */ = {
			isa = PBXResourcesBuildPhase;
			buildActionMask = 2147483647;
			files = (
			);
			runOnlyForDeploymentPostprocessing = 0;
		};
/* End PBXResourcesBuildPhase section */

/* Begin PBXSourcesBuildPhase section */
		E63E39931C5D1963005F7332 /* Sources */ = {
			isa = PBXSourcesBuildPhase;
			buildActionMask = 2147483647;
			files = (
				7B18E0E11C5E5A27005A2B8E /* SinglyLinkedList.swift in Sources */,
				E63E399B1C5D1963005F7332 /* AppDelegate.swift in Sources */,
			);
			runOnlyForDeploymentPostprocessing = 0;
		};
		E63E39A21C5D1963005F7332 /* Sources */ = {
			isa = PBXSourcesBuildPhase;
			buildActionMask = 2147483647;
			files = (
				E63E39AB1C5D1963005F7332 /* LinkedListTests.swift in Sources */,
			);
			runOnlyForDeploymentPostprocessing = 0;
		};
/* End PBXSourcesBuildPhase section */

/* Begin PBXTargetDependency section */
		E63E39A81C5D1963005F7332 /* PBXTargetDependency */ = {
			isa = PBXTargetDependency;
			target = E63E39961C5D1963005F7332 /* LinkedListTests */;
			targetProxy = E63E39A71C5D1963005F7332 /* PBXContainerItemProxy */;
		};
/* End PBXTargetDependency section */

/* Begin PBXVariantGroup section */
		E63E399E1C5D1963005F7332 /* MainMenu.xib */ = {
			isa = PBXVariantGroup;
			children = (
				E63E399F1C5D1963005F7332 /* Base */,
			);
			name = MainMenu.xib;
			sourceTree = "<group>";
		};
/* End PBXVariantGroup section */

/* Begin XCBuildConfiguration section */
		E63E39AD1C5D1963005F7332 /* Debug */ = {
			isa = XCBuildConfiguration;
			buildSettings = {
				ALWAYS_SEARCH_USER_PATHS = NO;
				CLANG_CXX_LANGUAGE_STANDARD = "gnu++0x";
				CLANG_CXX_LIBRARY = "libc++";
				CLANG_ENABLE_MODULES = YES;
				CLANG_ENABLE_OBJC_ARC = YES;
				CLANG_WARN_BOOL_CONVERSION = YES;
				CLANG_WARN_CONSTANT_CONVERSION = YES;
				CLANG_WARN_DIRECT_OBJC_ISA_USAGE = YES_ERROR;
				CLANG_WARN_EMPTY_BODY = YES;
				CLANG_WARN_ENUM_CONVERSION = YES;
				CLANG_WARN_INT_CONVERSION = YES;
				CLANG_WARN_OBJC_ROOT_CLASS = YES_ERROR;
				CLANG_WARN_UNREACHABLE_CODE = YES;
				CLANG_WARN__DUPLICATE_METHOD_MATCH = YES;
				CODE_SIGN_IDENTITY = "-";
				COPY_PHASE_STRIP = NO;
				DEBUG_INFORMATION_FORMAT = dwarf;
				ENABLE_STRICT_OBJC_MSGSEND = YES;
				ENABLE_TESTABILITY = YES;
				GCC_C_LANGUAGE_STANDARD = gnu99;
				GCC_DYNAMIC_NO_PIC = NO;
				GCC_NO_COMMON_BLOCKS = YES;
				GCC_OPTIMIZATION_LEVEL = 0;
				GCC_PREPROCESSOR_DEFINITIONS = (
					"DEBUG=1",
					"$(inherited)",
				);
				GCC_WARN_64_TO_32_BIT_CONVERSION = YES;
				GCC_WARN_ABOUT_RETURN_TYPE = YES_ERROR;
				GCC_WARN_UNDECLARED_SELECTOR = YES;
				GCC_WARN_UNINITIALIZED_AUTOS = YES_AGGRESSIVE;
				GCC_WARN_UNUSED_FUNCTION = YES;
				GCC_WARN_UNUSED_VARIABLE = YES;
				MACOSX_DEPLOYMENT_TARGET = 10.11;
				MTL_ENABLE_DEBUG_INFO = YES;
				ONLY_ACTIVE_ARCH = YES;
				SDKROOT = macosx;
				SWIFT_OPTIMIZATION_LEVEL = "-Onone";
			};
			name = Debug;
		};
		E63E39AE1C5D1963005F7332 /* Release */ = {
			isa = XCBuildConfiguration;
			buildSettings = {
				ALWAYS_SEARCH_USER_PATHS = NO;
				CLANG_CXX_LANGUAGE_STANDARD = "gnu++0x";
				CLANG_CXX_LIBRARY = "libc++";
				CLANG_ENABLE_MODULES = YES;
				CLANG_ENABLE_OBJC_ARC = YES;
				CLANG_WARN_BOOL_CONVERSION = YES;
				CLANG_WARN_CONSTANT_CONVERSION = YES;
				CLANG_WARN_DIRECT_OBJC_ISA_USAGE = YES_ERROR;
				CLANG_WARN_EMPTY_BODY = YES;
				CLANG_WARN_ENUM_CONVERSION = YES;
				CLANG_WARN_INT_CONVERSION = YES;
				CLANG_WARN_OBJC_ROOT_CLASS = YES_ERROR;
				CLANG_WARN_UNREACHABLE_CODE = YES;
				CLANG_WARN__DUPLICATE_METHOD_MATCH = YES;
				CODE_SIGN_IDENTITY = "-";
				COPY_PHASE_STRIP = NO;
				DEBUG_INFORMATION_FORMAT = "dwarf-with-dsym";
				ENABLE_NS_ASSERTIONS = NO;
				ENABLE_STRICT_OBJC_MSGSEND = YES;
				GCC_C_LANGUAGE_STANDARD = gnu99;
				GCC_NO_COMMON_BLOCKS = YES;
				GCC_WARN_64_TO_32_BIT_CONVERSION = YES;
				GCC_WARN_ABOUT_RETURN_TYPE = YES_ERROR;
				GCC_WARN_UNDECLARED_SELECTOR = YES;
				GCC_WARN_UNINITIALIZED_AUTOS = YES_AGGRESSIVE;
				GCC_WARN_UNUSED_FUNCTION = YES;
				GCC_WARN_UNUSED_VARIABLE = YES;
				MACOSX_DEPLOYMENT_TARGET = 10.11;
				MTL_ENABLE_DEBUG_INFO = NO;
				SDKROOT = macosx;
			};
			name = Release;
		};
		E63E39B01C5D1963005F7332 /* Debug */ = {
			isa = XCBuildConfiguration;
			buildSettings = {
				ASSETCATALOG_COMPILER_APPICON_NAME = AppIcon;
				COMBINE_HIDPI_IMAGES = YES;
				INFOPLIST_FILE = LinkedListTests/Info.plist;
				LD_RUNPATH_SEARCH_PATHS = "$(inherited) @executable_path/../Frameworks";
				PRODUCT_BUNDLE_IDENTIFIER = com.macbellingrath.LinkedListTests;
				PRODUCT_NAME = "$(TARGET_NAME)";
			};
			name = Debug;
		};
		E63E39B11C5D1963005F7332 /* Release */ = {
			isa = XCBuildConfiguration;
			buildSettings = {
				ASSETCATALOG_COMPILER_APPICON_NAME = AppIcon;
				COMBINE_HIDPI_IMAGES = YES;
				INFOPLIST_FILE = LinkedListTests/Info.plist;
				LD_RUNPATH_SEARCH_PATHS = "$(inherited) @executable_path/../Frameworks";
				PRODUCT_BUNDLE_IDENTIFIER = com.macbellingrath.LinkedListTests;
				PRODUCT_NAME = "$(TARGET_NAME)";
			};
			name = Release;
		};
		E63E39B31C5D1963005F7332 /* Debug */ = {
			isa = XCBuildConfiguration;
			buildSettings = {
				BUNDLE_LOADER = "$(TEST_HOST)";
				COMBINE_HIDPI_IMAGES = YES;
				INFOPLIST_FILE = LinkedListTestsTests/Info.plist;
				LD_RUNPATH_SEARCH_PATHS = "$(inherited) @executable_path/../Frameworks @loader_path/../Frameworks";
				PRODUCT_BUNDLE_IDENTIFIER = com.macbellingrath.LinkedListTestsTests;
				PRODUCT_NAME = "$(TARGET_NAME)";
				TEST_HOST = "$(BUILT_PRODUCTS_DIR)/LinkedListTests.app/Contents/MacOS/LinkedListTests";
			};
			name = Debug;
		};
		E63E39B41C5D1963005F7332 /* Release */ = {
			isa = XCBuildConfiguration;
			buildSettings = {
				BUNDLE_LOADER = "$(TEST_HOST)";
				COMBINE_HIDPI_IMAGES = YES;
				INFOPLIST_FILE = LinkedListTestsTests/Info.plist;
				LD_RUNPATH_SEARCH_PATHS = "$(inherited) @executable_path/../Frameworks @loader_path/../Frameworks";
				PRODUCT_BUNDLE_IDENTIFIER = com.macbellingrath.LinkedListTestsTests;
				PRODUCT_NAME = "$(TARGET_NAME)";
				TEST_HOST = "$(BUILT_PRODUCTS_DIR)/LinkedListTests.app/Contents/MacOS/LinkedListTests";
			};
			name = Release;
		};
/* End XCBuildConfiguration section */

/* Begin XCConfigurationList section */
		E63E39921C5D1963005F7332 /* Build configuration list for PBXProject "LinkedListTests" */ = {
			isa = XCConfigurationList;
			buildConfigurations = (
				E63E39AD1C5D1963005F7332 /* Debug */,
				E63E39AE1C5D1963005F7332 /* Release */,
			);
			defaultConfigurationIsVisible = 0;
			defaultConfigurationName = Release;
		};
		E63E39AF1C5D1963005F7332 /* Build configuration list for PBXNativeTarget "LinkedListTests" */ = {
			isa = XCConfigurationList;
			buildConfigurations = (
				E63E39B01C5D1963005F7332 /* Debug */,
				E63E39B11C5D1963005F7332 /* Release */,
			);
			defaultConfigurationIsVisible = 0;
			defaultConfigurationName = Release;
		};
		E63E39B21C5D1963005F7332 /* Build configuration list for PBXNativeTarget "LinkedListTestsTests" */ = {
			isa = XCConfigurationList;
			buildConfigurations = (
				E63E39B31C5D1963005F7332 /* Debug */,
				E63E39B41C5D1963005F7332 /* Release */,
			);
			defaultConfigurationIsVisible = 0;
			defaultConfigurationName = Release;
		};
/* End XCConfigurationList section */
	};
	rootObject = E63E398F1C5D1963005F7332 /* Project object */;
}
